{
	"name": "node-types-test",
	"version": "0.0.0",
	"lockfileVersion": 3,
	"requires": true,
	"packages": {
		"": {
			"name": "node-types-test",
			"version": "0.0.0",
			"dependencies": {
				"@types/node": "^22.5.5"
			},
			"devDependencies": {
				"typescript": "^5.5.2",
				"vitest": "1.5.0",
				"wrangler": "^3.60.3"
			}
		},
		"node_modules/@cloudflare/kv-asset-handler": {
			"version": "0.3.4",
			"dev": true,
			"license": "MIT OR Apache-2.0",
			"dependencies": {
				"mime": "^3.0.0"
			},
			"engines": {
				"node": ">=16.13"
			}
		},
		"node_modules/@cloudflare/workerd-darwin-64": {
			"version": "1.20240909.0",
			"resolved": "https://registry.npmjs.org/@cloudflare/workerd-darwin-64/-/workerd-darwin-64-1.20240909.0.tgz",
			"integrity": "sha512-nJ8jm/6PR8DPzVb4QifNAfSdrFZXNblwIdOhLTU5FpSvFFocmzFX5WgzQagvtmcC9/ZAQyxuf7WynDNyBcoe0Q==",
			"cpu": [
				"x64"
			],
			"dev": true,
			"optional": true,
			"os": [
				"darwin"
			],
			"engines": {
				"node": ">=16"
			}
		},
		"node_modules/@cloudflare/workerd-darwin-arm64": {
			"version": "1.20240909.0",
			"resolved": "https://registry.npmjs.org/@cloudflare/workerd-darwin-arm64/-/workerd-darwin-arm64-1.20240909.0.tgz",
			"integrity": "sha512-gJqKa811oSsoxy9xuoQn7bS0Hr1sY+o3EUORTcEnulG6Kz9NQ6nd8QNdp2Hrk2jmmSqwrNkn+a6PZkWzk6Q0Gw==",
			"cpu": [
				"arm64"
			],
			"dev": true,
			"optional": true,
			"os": [
				"darwin"
			],
			"engines": {
				"node": ">=16"
			}
		},
		"node_modules/@cloudflare/workerd-linux-64": {
			"version": "1.20240909.0",
			"resolved": "https://registry.npmjs.org/@cloudflare/workerd-linux-64/-/workerd-linux-64-1.20240909.0.tgz",
			"integrity": "sha512-sJrmtccfMg73sZljiBpe4R+lhF58TqzqhF2pQG8HRjyxkzkM1sjpZqfEFaIkNUDqd3/Ibji49fklhPCGXljKSg==",
			"cpu": [
				"x64"
			],
			"dev": true,
			"optional": true,
			"os": [
				"linux"
			],
			"engines": {
				"node": ">=16"
			}
		},
		"node_modules/@cloudflare/workerd-linux-arm64": {
			"version": "1.20240909.0",
			"resolved": "https://registry.npmjs.org/@cloudflare/workerd-linux-arm64/-/workerd-linux-arm64-1.20240909.0.tgz",
			"integrity": "sha512-dTbSdceyRXPOSER+18AwYRbPQG0e/Dwl2trmfMMCETkfJhNLv1fU3FFMJPjfILijKnhTZHSnHCx0+xwHdon2fg==",
			"cpu": [
				"arm64"
			],
			"dev": true,
			"optional": true,
			"os": [
				"linux"
			],
			"engines": {
				"node": ">=16"
			}
		},
		"node_modules/@cloudflare/workerd-windows-64": {
			"version": "1.20240909.0",
			"resolved": "https://registry.npmjs.org/@cloudflare/workerd-windows-64/-/workerd-windows-64-1.20240909.0.tgz",
			"integrity": "sha512-/d4BT0kcWFa7Qc0K4K9+cwVQ1qyPNKiO42JZUijlDlco+TYTPkLO3qGEohmwbfMq+BieK7JTMSgjO81ZHpA0HQ==",
			"cpu": [
				"x64"
			],
			"dev": true,
			"optional": true,
			"os": [
				"win32"
			],
			"engines": {
				"node": ">=16"
			}
		},
		"node_modules/@cloudflare/workers-shared": {
			"version": "0.5.3",
			"dev": true,
			"license": "MIT OR Apache-2.0",
			"dependencies": {
				"mime": "^3.0.0",
				"zod": "^3.22.3"
			},
			"engines": {
				"node": ">=16.7.0"
			}
		},
		"node_modules/@cspotcode/source-map-support": {
			"version": "0.8.1",
			"resolved": "https://registry.npmjs.org/@cspotcode/source-map-support/-/source-map-support-0.8.1.tgz",
			"integrity": "sha512-IchNf6dN4tHoMFIn/7OE8LWZ19Y6q/67Bmf6vnGREv8RSbBVb9LPJxEcnwrcwX6ixSvaiGoomAUvu4YSxXrVgw==",
			"dev": true,
			"dependencies": {
				"@jridgewell/trace-mapping": "0.3.9"
			},
			"engines": {
				"node": ">=12"
			}
		},
		"node_modules/@esbuild-plugins/node-globals-polyfill": {
			"version": "0.2.3",
			"dev": true,
			"license": "ISC",
			"peerDependencies": {
				"esbuild": "*"
			}
		},
		"node_modules/@esbuild-plugins/node-modules-polyfill": {
			"version": "0.2.2",
			"dev": true,
			"license": "ISC",
			"dependencies": {
				"escape-string-regexp": "^4.0.0",
				"rollup-plugin-node-polyfills": "^0.2.1"
			},
			"peerDependencies": {
				"esbuild": "*"
			}
		},
		"node_modules/@esbuild/darwin-arm64": {
			"version": "0.17.19",
			"cpu": [
				"arm64"
			],
			"dev": true,
			"license": "MIT",
			"optional": true,
			"os": [
				"darwin"
			],
			"engines": {
				"node": ">=12"
			}
		},
		"node_modules/@fastify/busboy": {
			"version": "2.1.1",
			"resolved": "https://registry.npmjs.org/@fastify/busboy/-/busboy-2.1.1.tgz",
			"integrity": "sha512-vBZP4NlzfOlerQTnba4aqZoMhE/a9HY7HRqoOPaETQcSQuWEIyZMHGfVu6w9wGtGK5fED5qRs2DteVCjOH60sA==",
			"dev": true,
			"engines": {
				"node": ">=14"
			}
		},
		"node_modules/@jest/schemas": {
			"version": "29.6.3",
			"dev": true,
			"license": "MIT",
			"dependencies": {
				"@sinclair/typebox": "^0.27.8"
			},
			"engines": {
				"node": "^14.15.0 || ^16.10.0 || >=18.0.0"
			}
		},
		"node_modules/@jridgewell/resolve-uri": {
			"version": "3.1.2",
			"resolved": "https://registry.npmjs.org/@jridgewell/resolve-uri/-/resolve-uri-3.1.2.tgz",
			"integrity": "sha512-bRISgCIjP20/tbWSPWMEi54QVPRZExkuD9lJL+UIxUKtwVJA8wW1Trb1jMs1RFXo1CBTNZ/5hpC9QvmKWdopKw==",
			"dev": true,
			"engines": {
				"node": ">=6.0.0"
			}
		},
		"node_modules/@jridgewell/sourcemap-codec": {
			"version": "1.5.0",
			"resolved": "https://registry.npmjs.org/@jridgewell/sourcemap-codec/-/sourcemap-codec-1.5.0.tgz",
			"integrity": "sha512-gv3ZRaISU3fjPAgNsriBRqGWQL6quFx04YMPW/zD8XMLsU32mhCCbfbO6KZFLjvYpCZ8zyDEgqsgf+PwPaM7GQ==",
			"dev": true
		},
		"node_modules/@jridgewell/trace-mapping": {
			"version": "0.3.9",
			"resolved": "https://registry.npmjs.org/@jridgewell/trace-mapping/-/trace-mapping-0.3.9.tgz",
			"integrity": "sha512-3Belt6tdc8bPgAtbcmdtNJlirVoTmEb5e2gC94PnkwEW9jI6CAHUeoG85tjWP5WquqfavoMtMwiG4P926ZKKuQ==",
			"dev": true,
			"dependencies": {
				"@jridgewell/resolve-uri": "^3.0.3",
				"@jridgewell/sourcemap-codec": "^1.4.10"
			}
		},
		"node_modules/@rollup/rollup-darwin-arm64": {
			"version": "4.21.3",
			"cpu": [
				"arm64"
			],
			"dev": true,
			"license": "MIT",
			"optional": true,
			"os": [
				"darwin"
			]
		},
		"node_modules/@sinclair/typebox": {
			"version": "0.27.8",
			"dev": true,
			"license": "MIT"
		},
		"node_modules/@types/estree": {
			"version": "1.0.5",
			"dev": true,
			"license": "MIT"
		},
		"node_modules/@types/node": {
			"version": "22.5.5",
			"resolved": "https://registry.npmjs.org/@types/node/-/node-22.5.5.tgz",
			"integrity": "sha512-Xjs4y5UPO/CLdzpgR6GirZJx36yScjh73+2NlLlkFRSoQN8B0DpfXPdZGnvVmLRLOsqDpOfTNv7D9trgGhmOIA==",
			"dependencies": {
				"undici-types": "~6.19.2"
			}
		},
		"node_modules/@types/node-forge": {
			"version": "1.3.11",
			"dev": true,
			"license": "MIT",
			"dependencies": {
				"@types/node": "*"
			}
		},
		"node_modules/@vitest/expect": {
			"version": "1.5.0",
			"dev": true,
			"license": "MIT",
			"dependencies": {
				"@vitest/spy": "1.5.0",
				"@vitest/utils": "1.5.0",
				"chai": "^4.3.10"
			},
			"funding": {
				"url": "https://opencollective.com/vitest"
			}
		},
		"node_modules/@vitest/runner": {
			"version": "1.5.0",
			"resolved": "https://registry.npmjs.org/@vitest/runner/-/runner-1.5.0.tgz",
			"integrity": "sha512-7HWwdxXP5yDoe7DTpbif9l6ZmDwCzcSIK38kTSIt6CFEpMjX4EpCgT6wUmS0xTXqMI6E/ONmfgRKmaujpabjZQ==",
			"dev": true,
			"dependencies": {
				"@vitest/utils": "1.5.0",
				"p-limit": "^5.0.0",
				"pathe": "^1.1.1"
			},
			"funding": {
				"url": "https://opencollective.com/vitest"
			}
		},
		"node_modules/@vitest/snapshot": {
			"version": "1.5.0",
			"resolved": "https://registry.npmjs.org/@vitest/snapshot/-/snapshot-1.5.0.tgz",
			"integrity": "sha512-qpv3fSEuNrhAO3FpH6YYRdaECnnRjg9VxbhdtPwPRnzSfHVXnNzzrpX4cJxqiwgRMo7uRMWDFBlsBq4Cr+rO3A==",
			"dev": true,
			"dependencies": {
				"magic-string": "^0.30.5",
				"pathe": "^1.1.1",
				"pretty-format": "^29.7.0"
			},
			"funding": {
				"url": "https://opencollective.com/vitest"
			}
		},
		"node_modules/@vitest/spy": {
			"version": "1.5.0",
			"dev": true,
			"license": "MIT",
			"dependencies": {
				"tinyspy": "^2.2.0"
			},
			"funding": {
				"url": "https://opencollective.com/vitest"
			}
		},
		"node_modules/@vitest/utils": {
			"version": "1.5.0",
			"resolved": "https://registry.npmjs.org/@vitest/utils/-/utils-1.5.0.tgz",
			"integrity": "sha512-BDU0GNL8MWkRkSRdNFvCUCAVOeHaUlVJ9Tx0TYBZyXaaOTmGtUFObzchCivIBrIwKzvZA7A9sCejVhXM2aY98A==",
			"dev": true,
			"dependencies": {
				"diff-sequences": "^29.6.3",
				"estree-walker": "^3.0.3",
				"loupe": "^2.3.7",
				"pretty-format": "^29.7.0"
			},
			"funding": {
				"url": "https://opencollective.com/vitest"
			}
		},
		"node_modules/acorn": {
			"version": "8.12.1",
			"dev": true,
			"license": "MIT",
			"bin": {
				"acorn": "bin/acorn"
			},
			"engines": {
				"node": ">=0.4.0"
			}
		},
		"node_modules/acorn-walk": {
			"version": "8.3.4",
			"dev": true,
			"license": "MIT",
			"dependencies": {
				"acorn": "^8.11.0"
			},
			"engines": {
				"node": ">=0.4.0"
			}
		},
		"node_modules/ansi-styles": {
			"version": "5.2.0",
			"dev": true,
			"license": "MIT",
			"engines": {
				"node": ">=10"
			},
			"funding": {
				"url": "https://github.com/chalk/ansi-styles?sponsor=1"
			}
		},
		"node_modules/anymatch": {
			"version": "3.1.3",
			"dev": true,
			"license": "ISC",
			"dependencies": {
				"normalize-path": "^3.0.0",
				"picomatch": "^2.0.4"
			},
			"engines": {
				"node": ">= 8"
			}
		},
		"node_modules/as-table": {
			"version": "1.0.55",
			"resolved": "https://registry.npmjs.org/as-table/-/as-table-1.0.55.tgz",
			"integrity": "sha512-xvsWESUJn0JN421Xb9MQw6AsMHRCUknCe0Wjlxvjud80mU4E6hQf1A6NzQKcYNmYw62MfzEtXc+badstZP3JpQ==",
			"dev": true,
			"dependencies": {
				"printable-characters": "^1.0.42"
			}
		},
		"node_modules/assertion-error": {
			"version": "1.1.0",
			"dev": true,
			"license": "MIT",
			"engines": {
				"node": "*"
			}
		},
		"node_modules/binary-extensions": {
			"version": "2.3.0",
			"dev": true,
			"license": "MIT",
			"engines": {
				"node": ">=8"
			},
			"funding": {
				"url": "https://github.com/sponsors/sindresorhus"
			}
		},
		"node_modules/blake3-wasm": {
			"version": "2.1.5",
			"dev": true,
			"license": "MIT"
		},
		"node_modules/braces": {
			"version": "3.0.3",
			"dev": true,
			"license": "MIT",
			"dependencies": {
				"fill-range": "^7.1.1"
			},
			"engines": {
				"node": ">=8"
			}
		},
		"node_modules/cac": {
			"version": "6.7.14",
			"dev": true,
			"license": "MIT",
			"engines": {
				"node": ">=8"
			}
		},
		"node_modules/capnp-ts": {
			"version": "0.7.0",
			"resolved": "https://registry.npmjs.org/capnp-ts/-/capnp-ts-0.7.0.tgz",
			"integrity": "sha512-XKxXAC3HVPv7r674zP0VC3RTXz+/JKhfyw94ljvF80yynK6VkTnqE3jMuN8b3dUVmmc43TjyxjW4KTsmB3c86g==",
			"dev": true,
			"dependencies": {
				"debug": "^4.3.1",
				"tslib": "^2.2.0"
			}
		},
		"node_modules/chai": {
			"version": "4.5.0",
			"dev": true,
			"license": "MIT",
			"dependencies": {
				"assertion-error": "^1.1.0",
				"check-error": "^1.0.3",
				"deep-eql": "^4.1.3",
				"get-func-name": "^2.0.2",
				"loupe": "^2.3.6",
				"pathval": "^1.1.1",
				"type-detect": "^4.1.0"
			},
			"engines": {
				"node": ">=4"
			}
		},
		"node_modules/check-error": {
			"version": "1.0.3",
			"dev": true,
			"license": "MIT",
			"dependencies": {
				"get-func-name": "^2.0.2"
			},
			"engines": {
				"node": "*"
			}
		},
		"node_modules/chokidar": {
			"version": "3.6.0",
			"dev": true,
			"license": "MIT",
			"dependencies": {
				"anymatch": "~3.1.2",
				"braces": "~3.0.2",
				"glob-parent": "~5.1.2",
				"is-binary-path": "~2.1.0",
				"is-glob": "~4.0.1",
				"normalize-path": "~3.0.0",
				"readdirp": "~3.6.0"
			},
			"engines": {
				"node": ">= 8.10.0"
			},
			"funding": {
				"url": "https://paulmillr.com/funding/"
			},
			"optionalDependencies": {
				"fsevents": "~2.3.2"
			}
		},
		"node_modules/confbox": {
			"version": "0.1.7",
			"dev": true,
			"license": "MIT"
		},
		"node_modules/cookie": {
			"version": "0.5.0",
			"resolved": "https://registry.npmjs.org/cookie/-/cookie-0.5.0.tgz",
			"integrity": "sha512-YZ3GUyn/o8gfKJlnlX7g7xq4gyO6OSuhGPKaaGssGB2qgDUS0gPgtTvoyZLTt9Ab6dC4hfc9dV5arkvc/OCmrw==",
			"dev": true,
			"engines": {
				"node": ">= 0.6"
			}
		},
		"node_modules/cross-spawn": {
			"version": "7.0.3",
			"dev": true,
			"license": "MIT",
			"dependencies": {
				"path-key": "^3.1.0",
				"shebang-command": "^2.0.0",
				"which": "^2.0.1"
			},
			"engines": {
				"node": ">= 8"
			}
		},
		"node_modules/data-uri-to-buffer": {
			"version": "2.0.2",
			"resolved": "https://registry.npmjs.org/data-uri-to-buffer/-/data-uri-to-buffer-2.0.2.tgz",
			"integrity": "sha512-ND9qDTLc6diwj+Xe5cdAgVTbLVdXbtxTJRXRhli8Mowuaan+0EJOtdqJ0QCHNSSPyoXGx9HX2/VMnKeC34AChA==",
			"dev": true
		},
		"node_modules/date-fns": {
			"version": "3.6.0",
			"dev": true,
			"license": "MIT",
			"funding": {
				"type": "github",
				"url": "https://github.com/sponsors/kossnocorp"
			}
		},
		"node_modules/debug": {
			"version": "4.3.7",
			"dev": true,
			"license": "MIT",
			"dependencies": {
				"ms": "^2.1.3"
			},
			"engines": {
				"node": ">=6.0"
			},
			"peerDependenciesMeta": {
				"supports-color": {
					"optional": true
				}
			}
		},
		"node_modules/deep-eql": {
			"version": "4.1.4",
			"dev": true,
			"license": "MIT",
			"dependencies": {
				"type-detect": "^4.0.0"
			},
			"engines": {
				"node": ">=6"
			}
		},
		"node_modules/defu": {
			"version": "6.1.4",
			"dev": true,
			"license": "MIT"
		},
		"node_modules/diff-sequences": {
			"version": "29.6.3",
			"dev": true,
			"license": "MIT",
			"engines": {
				"node": "^14.15.0 || ^16.10.0 || >=18.0.0"
			}
		},
		"node_modules/esbuild": {
			"version": "0.17.19",
			"dev": true,
			"hasInstallScript": true,
			"license": "MIT",
			"bin": {
				"esbuild": "bin/esbuild"
			},
			"engines": {
				"node": ">=12"
			},
			"optionalDependencies": {
				"@esbuild/android-arm": "0.17.19",
				"@esbuild/android-arm64": "0.17.19",
				"@esbuild/android-x64": "0.17.19",
				"@esbuild/darwin-arm64": "0.17.19",
				"@esbuild/darwin-x64": "0.17.19",
				"@esbuild/freebsd-arm64": "0.17.19",
				"@esbuild/freebsd-x64": "0.17.19",
				"@esbuild/linux-arm": "0.17.19",
				"@esbuild/linux-arm64": "0.17.19",
				"@esbuild/linux-ia32": "0.17.19",
				"@esbuild/linux-loong64": "0.17.19",
				"@esbuild/linux-mips64el": "0.17.19",
				"@esbuild/linux-ppc64": "0.17.19",
				"@esbuild/linux-riscv64": "0.17.19",
				"@esbuild/linux-s390x": "0.17.19",
				"@esbuild/linux-x64": "0.17.19",
				"@esbuild/netbsd-x64": "0.17.19",
				"@esbuild/openbsd-x64": "0.17.19",
				"@esbuild/sunos-x64": "0.17.19",
				"@esbuild/win32-arm64": "0.17.19",
				"@esbuild/win32-ia32": "0.17.19",
				"@esbuild/win32-x64": "0.17.19"
			}
		},
		"node_modules/escape-string-regexp": {
			"version": "4.0.0",
			"dev": true,
			"license": "MIT",
			"engines": {
				"node": ">=10"
			},
			"funding": {
				"url": "https://github.com/sponsors/sindresorhus"
			}
		},
		"node_modules/estree-walker": {
			"version": "3.0.3",
			"dev": true,
			"license": "MIT",
			"dependencies": {
				"@types/estree": "^1.0.0"
			}
		},
		"node_modules/execa": {
			"version": "8.0.1",
			"dev": true,
			"license": "MIT",
			"dependencies": {
				"cross-spawn": "^7.0.3",
				"get-stream": "^8.0.1",
				"human-signals": "^5.0.0",
				"is-stream": "^3.0.0",
				"merge-stream": "^2.0.0",
				"npm-run-path": "^5.1.0",
				"onetime": "^6.0.0",
				"signal-exit": "^4.1.0",
				"strip-final-newline": "^3.0.0"
			},
			"engines": {
				"node": ">=16.17"
			},
			"funding": {
				"url": "https://github.com/sindresorhus/execa?sponsor=1"
			}
		},
		"node_modules/exit-hook": {
			"version": "2.2.1",
			"resolved": "https://registry.npmjs.org/exit-hook/-/exit-hook-2.2.1.tgz",
			"integrity": "sha512-eNTPlAD67BmP31LDINZ3U7HSF8l57TxOY2PmBJ1shpCvpnxBF93mWCE8YHBnXs8qiUZJc9WDcWIeC3a2HIAMfw==",
			"dev": true,
			"engines": {
				"node": ">=6"
			},
			"funding": {
				"url": "https://github.com/sponsors/sindresorhus"
			}
		},
		"node_modules/fill-range": {
			"version": "7.1.1",
			"dev": true,
			"license": "MIT",
			"dependencies": {
				"to-regex-range": "^5.0.1"
			},
			"engines": {
				"node": ">=8"
			}
		},
		"node_modules/fsevents": {
			"version": "2.3.3",
			"dev": true,
			"license": "MIT",
			"optional": true,
			"os": [
				"darwin"
			],
			"engines": {
				"node": "^8.16.0 || ^10.6.0 || >=11.0.0"
			}
		},
		"node_modules/function-bind": {
			"version": "1.1.2",
			"dev": true,
			"license": "MIT",
			"funding": {
				"url": "https://github.com/sponsors/ljharb"
			}
		},
		"node_modules/get-func-name": {
			"version": "2.0.2",
			"dev": true,
			"license": "MIT",
			"engines": {
				"node": "*"
			}
		},
		"node_modules/get-source": {
			"version": "2.0.12",
			"resolved": "https://registry.npmjs.org/get-source/-/get-source-2.0.12.tgz",
			"integrity": "sha512-X5+4+iD+HoSeEED+uwrQ07BOQr0kEDFMVqqpBuI+RaZBpBpHCuXxo70bjar6f0b0u/DQJsJ7ssurpP0V60Az+w==",
			"dev": true,
			"dependencies": {
				"data-uri-to-buffer": "^2.0.0",
				"source-map": "^0.6.1"
			}
		},
		"node_modules/get-stream": {
			"version": "8.0.1",
			"dev": true,
			"license": "MIT",
			"engines": {
				"node": ">=16"
			},
			"funding": {
				"url": "https://github.com/sponsors/sindresorhus"
			}
		},
		"node_modules/glob-parent": {
			"version": "5.1.2",
			"dev": true,
			"license": "ISC",
			"dependencies": {
				"is-glob": "^4.0.1"
			},
			"engines": {
				"node": ">= 6"
			}
		},
		"node_modules/glob-to-regexp": {
			"version": "0.4.1",
			"resolved": "https://registry.npmjs.org/glob-to-regexp/-/glob-to-regexp-0.4.1.tgz",
			"integrity": "sha512-lkX1HJXwyMcprw/5YUZc2s7DrpAiHB21/V+E1rHUrVNokkvB6bqMzT0VfV6/86ZNabt1k14YOIaT7nDvOX3Iiw==",
			"dev": true
		},
		"node_modules/hasown": {
			"version": "2.0.2",
			"dev": true,
			"license": "MIT",
			"dependencies": {
				"function-bind": "^1.1.2"
			},
			"engines": {
				"node": ">= 0.4"
			}
		},
		"node_modules/human-signals": {
			"version": "5.0.0",
			"dev": true,
			"license": "Apache-2.0",
			"engines": {
				"node": ">=16.17.0"
			}
		},
		"node_modules/is-binary-path": {
			"version": "2.1.0",
			"dev": true,
			"license": "MIT",
			"dependencies": {
				"binary-extensions": "^2.0.0"
			},
			"engines": {
				"node": ">=8"
			}
		},
		"node_modules/is-core-module": {
			"version": "2.15.1",
			"dev": true,
			"license": "MIT",
			"dependencies": {
				"hasown": "^2.0.2"
			},
			"engines": {
				"node": ">= 0.4"
			},
			"funding": {
				"url": "https://github.com/sponsors/ljharb"
			}
		},
		"node_modules/is-extglob": {
			"version": "2.1.1",
			"dev": true,
			"license": "MIT",
			"engines": {
				"node": ">=0.10.0"
			}
		},
		"node_modules/is-glob": {
			"version": "4.0.3",
			"dev": true,
			"license": "MIT",
			"dependencies": {
				"is-extglob": "^2.1.1"
			},
			"engines": {
				"node": ">=0.10.0"
			}
		},
		"node_modules/is-number": {
			"version": "7.0.0",
			"dev": true,
			"license": "MIT",
			"engines": {
				"node": ">=0.12.0"
			}
		},
		"node_modules/is-stream": {
			"version": "3.0.0",
			"dev": true,
			"license": "MIT",
			"engines": {
				"node": "^12.20.0 || ^14.13.1 || >=16.0.0"
			},
			"funding": {
				"url": "https://github.com/sponsors/sindresorhus"
			}
		},
		"node_modules/isexe": {
			"version": "2.0.0",
			"dev": true,
			"license": "ISC"
		},
		"node_modules/js-tokens": {
			"version": "9.0.0",
			"dev": true,
			"license": "MIT"
		},
		"node_modules/local-pkg": {
			"version": "0.5.0",
			"dev": true,
			"license": "MIT",
			"dependencies": {
				"mlly": "^1.4.2",
				"pkg-types": "^1.0.3"
			},
			"engines": {
				"node": ">=14"
			},
			"funding": {
				"url": "https://github.com/sponsors/antfu"
			}
		},
		"node_modules/loupe": {
			"version": "2.3.7",
			"dev": true,
			"license": "MIT",
			"dependencies": {
				"get-func-name": "^2.0.1"
			}
		},
		"node_modules/magic-string": {
			"version": "0.30.11",
			"resolved": "https://registry.npmjs.org/magic-string/-/magic-string-0.30.11.tgz",
			"integrity": "sha512-+Wri9p0QHMy+545hKww7YAu5NyzF8iomPL/RQazugQ9+Ez4Ic3mERMd8ZTX5rfK944j+560ZJi8iAwgak1Ac7A==",
			"dev": true,
			"dependencies": {
				"@jridgewell/sourcemap-codec": "^1.5.0"
			}
		},
		"node_modules/merge-stream": {
			"version": "2.0.0",
			"dev": true,
			"license": "MIT"
		},
		"node_modules/mime": {
			"version": "3.0.0",
			"dev": true,
			"license": "MIT",
			"bin": {
				"mime": "cli.js"
			},
			"engines": {
				"node": ">=10.0.0"
			}
		},
		"node_modules/mimic-fn": {
			"version": "4.0.0",
			"dev": true,
			"license": "MIT",
			"engines": {
				"node": ">=12"
			},
			"funding": {
				"url": "https://github.com/sponsors/sindresorhus"
			}
		},
		"node_modules/miniflare": {
			"version": "3.20240909.1",
			"resolved": "https://registry.npmjs.org/miniflare/-/miniflare-3.20240909.1.tgz",
			"integrity": "sha512-tdzJFApHmqFYlpjfpqBDnsE6dHUDLHejBrNgXftLfTf/ni5NySgXKnuntCCMdRtnTpjUKmkHiusGrBCf9b1rnA==",
			"dev": true,
			"dependencies": {
				"@cspotcode/source-map-support": "0.8.1",
				"acorn": "^8.8.0",
				"acorn-walk": "^8.2.0",
				"capnp-ts": "^0.7.0",
				"exit-hook": "^2.2.1",
				"glob-to-regexp": "^0.4.1",
				"stoppable": "^1.1.0",
				"undici": "^5.28.4",
				"workerd": "1.20240909.0",
				"ws": "^8.17.1",
				"youch": "^3.2.2",
				"zod": "^3.22.3"
			},
			"bin": {
				"miniflare": "bootstrap.js"
			},
			"engines": {
				"node": ">=16.13"
			}
		},
		"node_modules/mlly": {
			"version": "1.7.1",
			"dev": true,
			"license": "MIT",
			"dependencies": {
				"acorn": "^8.11.3",
				"pathe": "^1.1.2",
				"pkg-types": "^1.1.1",
				"ufo": "^1.5.3"
			}
		},
		"node_modules/ms": {
			"version": "2.1.3",
			"dev": true,
			"license": "MIT"
		},
		"node_modules/mustache": {
			"version": "4.2.0",
			"resolved": "https://registry.npmjs.org/mustache/-/mustache-4.2.0.tgz",
			"integrity": "sha512-71ippSywq5Yb7/tVYyGbkBggbU8H3u5Rz56fH60jGFgr8uHwxs+aSKeqmluIVzM0m0kB7xQjKS6qPfd0b2ZoqQ==",
			"dev": true,
			"bin": {
				"mustache": "bin/mustache"
			}
		},
		"node_modules/nanoid": {
			"version": "3.3.7",
			"dev": true,
			"funding": [
				{
					"type": "github",
					"url": "https://github.com/sponsors/ai"
				}
			],
			"license": "MIT",
			"bin": {
				"nanoid": "bin/nanoid.cjs"
			},
			"engines": {
				"node": "^10 || ^12 || ^13.7 || ^14 || >=15.0.1"
			}
		},
		"node_modules/node-forge": {
			"version": "1.3.1",
			"dev": true,
			"license": "(BSD-3-Clause OR GPL-2.0)",
			"engines": {
				"node": ">= 6.13.0"
			}
		},
		"node_modules/normalize-path": {
			"version": "3.0.0",
			"dev": true,
			"license": "MIT",
			"engines": {
				"node": ">=0.10.0"
			}
		},
		"node_modules/npm-run-path": {
			"version": "5.3.0",
			"dev": true,
			"license": "MIT",
			"dependencies": {
				"path-key": "^4.0.0"
			},
			"engines": {
				"node": "^12.20.0 || ^14.13.1 || >=16.0.0"
			},
			"funding": {
				"url": "https://github.com/sponsors/sindresorhus"
			}
		},
		"node_modules/npm-run-path/node_modules/path-key": {
			"version": "4.0.0",
			"dev": true,
			"license": "MIT",
			"engines": {
				"node": ">=12"
			},
			"funding": {
				"url": "https://github.com/sponsors/sindresorhus"
			}
		},
		"node_modules/ohash": {
			"version": "1.1.4",
			"dev": true,
			"license": "MIT"
		},
		"node_modules/onetime": {
			"version": "6.0.0",
			"dev": true,
			"license": "MIT",
			"dependencies": {
				"mimic-fn": "^4.0.0"
			},
			"engines": {
				"node": ">=12"
			},
			"funding": {
				"url": "https://github.com/sponsors/sindresorhus"
			}
		},
		"node_modules/p-limit": {
			"version": "5.0.0",
			"resolved": "https://registry.npmjs.org/p-limit/-/p-limit-5.0.0.tgz",
			"integrity": "sha512-/Eaoq+QyLSiXQ4lyYV23f14mZRQcXnxfHrN0vCai+ak9G0pp9iEQukIIZq5NccEvwRB8PUnZT0KsOoDCINS1qQ==",
			"dev": true,
			"dependencies": {
				"yocto-queue": "^1.0.0"
			},
			"engines": {
				"node": ">=18"
			},
			"funding": {
				"url": "https://github.com/sponsors/sindresorhus"
			}
		},
		"node_modules/path-key": {
			"version": "3.1.1",
			"dev": true,
			"license": "MIT",
			"engines": {
				"node": ">=8"
			}
		},
		"node_modules/path-parse": {
			"version": "1.0.7",
			"dev": true,
			"license": "MIT"
		},
		"node_modules/path-to-regexp": {
			"version": "6.3.0",
			"dev": true,
			"license": "MIT"
		},
		"node_modules/pathe": {
			"version": "1.1.2",
			"dev": true,
			"license": "MIT"
		},
		"node_modules/pathval": {
			"version": "1.1.1",
			"dev": true,
			"license": "MIT",
			"engines": {
				"node": "*"
			}
		},
		"node_modules/picocolors": {
			"version": "1.1.0",
			"dev": true,
			"license": "ISC"
		},
		"node_modules/picomatch": {
			"version": "2.3.1",
			"dev": true,
			"license": "MIT",
			"engines": {
				"node": ">=8.6"
			},
			"funding": {
				"url": "https://github.com/sponsors/jonschlinkert"
			}
		},
		"node_modules/pkg-types": {
			"version": "1.2.0",
			"dev": true,
			"license": "MIT",
			"dependencies": {
				"confbox": "^0.1.7",
				"mlly": "^1.7.1",
				"pathe": "^1.1.2"
			}
		},
		"node_modules/postcss": {
			"version": "8.4.47",
			"dev": true,
			"funding": [
				{
					"type": "opencollective",
					"url": "https://opencollective.com/postcss/"
				},
				{
					"type": "tidelift",
					"url": "https://tidelift.com/funding/github/npm/postcss"
				},
				{
					"type": "github",
					"url": "https://github.com/sponsors/ai"
				}
			],
			"license": "MIT",
			"dependencies": {
				"nanoid": "^3.3.7",
				"picocolors": "^1.1.0",
				"source-map-js": "^1.2.1"
			},
			"engines": {
				"node": "^10 || ^12 || >=14"
			}
		},
		"node_modules/pretty-format": {
			"version": "29.7.0",
			"dev": true,
			"license": "MIT",
			"dependencies": {
				"@jest/schemas": "^29.6.3",
				"ansi-styles": "^5.0.0",
				"react-is": "^18.0.0"
			},
			"engines": {
				"node": "^14.15.0 || ^16.10.0 || >=18.0.0"
			}
		},
		"node_modules/printable-characters": {
			"version": "1.0.42",
			"resolved": "https://registry.npmjs.org/printable-characters/-/printable-characters-1.0.42.tgz",
			"integrity": "sha512-dKp+C4iXWK4vVYZmYSd0KBH5F/h1HoZRsbJ82AVKRO3PEo8L4lBS/vLwhVtpwwuYcoIsVY+1JYKR268yn480uQ==",
			"dev": true
		},
		"node_modules/react-is": {
			"version": "18.3.1",
			"dev": true,
			"license": "MIT"
		},
		"node_modules/readdirp": {
			"version": "3.6.0",
			"dev": true,
			"license": "MIT",
			"dependencies": {
				"picomatch": "^2.2.1"
			},
			"engines": {
				"node": ">=8.10.0"
			}
		},
		"node_modules/resolve": {
			"version": "1.22.8",
			"dev": true,
			"license": "MIT",
			"dependencies": {
				"is-core-module": "^2.13.0",
				"path-parse": "^1.0.7",
				"supports-preserve-symlinks-flag": "^1.0.0"
			},
			"bin": {
				"resolve": "bin/resolve"
			},
			"funding": {
				"url": "https://github.com/sponsors/ljharb"
			}
		},
		"node_modules/resolve.exports": {
			"version": "2.0.2",
			"dev": true,
			"license": "MIT",
			"engines": {
				"node": ">=10"
			}
		},
		"node_modules/rollup": {
			"version": "4.21.3",
			"dev": true,
			"license": "MIT",
			"dependencies": {
				"@types/estree": "1.0.5"
			},
			"bin": {
				"rollup": "dist/bin/rollup"
			},
			"engines": {
				"node": ">=18.0.0",
				"npm": ">=8.0.0"
			},
			"optionalDependencies": {
				"@rollup/rollup-android-arm-eabi": "4.21.3",
				"@rollup/rollup-android-arm64": "4.21.3",
				"@rollup/rollup-darwin-arm64": "4.21.3",
				"@rollup/rollup-darwin-x64": "4.21.3",
				"@rollup/rollup-linux-arm-gnueabihf": "4.21.3",
				"@rollup/rollup-linux-arm-musleabihf": "4.21.3",
				"@rollup/rollup-linux-arm64-gnu": "4.21.3",
				"@rollup/rollup-linux-arm64-musl": "4.21.3",
				"@rollup/rollup-linux-powerpc64le-gnu": "4.21.3",
				"@rollup/rollup-linux-riscv64-gnu": "4.21.3",
				"@rollup/rollup-linux-s390x-gnu": "4.21.3",
				"@rollup/rollup-linux-x64-gnu": "4.21.3",
				"@rollup/rollup-linux-x64-musl": "4.21.3",
				"@rollup/rollup-win32-arm64-msvc": "4.21.3",
				"@rollup/rollup-win32-ia32-msvc": "4.21.3",
				"@rollup/rollup-win32-x64-msvc": "4.21.3",
				"fsevents": "~2.3.2"
			}
		},
		"node_modules/rollup-plugin-inject": {
			"version": "3.0.2",
			"dev": true,
			"license": "MIT",
			"dependencies": {
				"estree-walker": "^0.6.1",
				"magic-string": "^0.25.3",
				"rollup-pluginutils": "^2.8.1"
			}
		},
		"node_modules/rollup-plugin-inject/node_modules/estree-walker": {
			"version": "0.6.1",
			"dev": true,
			"license": "MIT"
		},
		"node_modules/rollup-plugin-inject/node_modules/magic-string": {
			"version": "0.25.9",
			"dev": true,
			"license": "MIT",
			"dependencies": {
				"sourcemap-codec": "^1.4.8"
			}
		},
		"node_modules/rollup-plugin-node-polyfills": {
			"version": "0.2.1",
			"dev": true,
			"license": "MIT",
			"dependencies": {
				"rollup-plugin-inject": "^3.0.0"
			}
		},
		"node_modules/rollup-pluginutils": {
			"version": "2.8.2",
			"dev": true,
			"license": "MIT",
			"dependencies": {
				"estree-walker": "^0.6.1"
			}
		},
		"node_modules/rollup-pluginutils/node_modules/estree-walker": {
			"version": "0.6.1",
			"dev": true,
			"license": "MIT"
		},
		"node_modules/selfsigned": {
			"version": "2.4.1",
			"dev": true,
			"license": "MIT",
			"dependencies": {
				"@types/node-forge": "^1.3.0",
				"node-forge": "^1"
			},
			"engines": {
				"node": ">=10"
			}
		},
		"node_modules/shebang-command": {
			"version": "2.0.0",
			"dev": true,
			"license": "MIT",
			"dependencies": {
				"shebang-regex": "^3.0.0"
			},
			"engines": {
				"node": ">=8"
			}
		},
		"node_modules/shebang-regex": {
			"version": "3.0.0",
			"dev": true,
			"license": "MIT",
			"engines": {
				"node": ">=8"
			}
		},
		"node_modules/siginfo": {
			"version": "2.0.0",
			"dev": true,
			"license": "ISC"
		},
		"node_modules/signal-exit": {
			"version": "4.1.0",
			"dev": true,
			"license": "ISC",
			"engines": {
				"node": ">=14"
			},
			"funding": {
				"url": "https://github.com/sponsors/isaacs"
			}
		},
		"node_modules/source-map": {
			"version": "0.6.1",
			"resolved": "https://registry.npmjs.org/source-map/-/source-map-0.6.1.tgz",
			"integrity": "sha512-UjgapumWlbMhkBgzT7Ykc5YXUT46F0iKu8SGXq0bcwP5dz/h0Plj6enJqjz1Zbq2l5WaqYnrVbwWOWMyF3F47g==",
			"dev": true,
			"engines": {
				"node": ">=0.10.0"
			}
		},
		"node_modules/source-map-js": {
			"version": "1.2.1",
			"dev": true,
			"license": "BSD-3-Clause",
			"engines": {
				"node": ">=0.10.0"
			}
		},
		"node_modules/sourcemap-codec": {
			"version": "1.4.8",
			"dev": true,
			"license": "MIT"
		},
		"node_modules/stackback": {
			"version": "0.0.2",
			"dev": true,
			"license": "MIT"
		},
		"node_modules/stacktracey": {
			"version": "2.1.8",
			"resolved": "https://registry.npmjs.org/stacktracey/-/stacktracey-2.1.8.tgz",
			"integrity": "sha512-Kpij9riA+UNg7TnphqjH7/CzctQ/owJGNbFkfEeve4Z4uxT5+JapVLFXcsurIfN34gnTWZNJ/f7NMG0E8JDzTw==",
			"dev": true,
			"dependencies": {
				"as-table": "^1.0.36",
				"get-source": "^2.0.12"
			}
		},
		"node_modules/std-env": {
			"version": "3.7.0",
			"dev": true,
			"license": "MIT"
		},
		"node_modules/stoppable": {
			"version": "1.1.0",
			"resolved": "https://registry.npmjs.org/stoppable/-/stoppable-1.1.0.tgz",
			"integrity": "sha512-KXDYZ9dszj6bzvnEMRYvxgeTHU74QBFL54XKtP3nyMuJ81CFYtABZ3bAzL2EdFUaEwJOBOgENyFj3R7oTzDyyw==",
			"dev": true,
			"engines": {
				"node": ">=4",
				"npm": ">=6"
			}
		},
		"node_modules/strip-final-newline": {
			"version": "3.0.0",
			"dev": true,
			"license": "MIT",
			"engines": {
				"node": ">=12"
			},
			"funding": {
				"url": "https://github.com/sponsors/sindresorhus"
			}
		},
		"node_modules/strip-literal": {
			"version": "2.1.0",
			"dev": true,
			"license": "MIT",
			"dependencies": {
				"js-tokens": "^9.0.0"
			},
			"funding": {
				"url": "https://github.com/sponsors/antfu"
			}
		},
		"node_modules/supports-preserve-symlinks-flag": {
			"version": "1.0.0",
			"dev": true,
			"license": "MIT",
			"engines": {
				"node": ">= 0.4"
			},
			"funding": {
				"url": "https://github.com/sponsors/ljharb"
			}
		},
		"node_modules/tinybench": {
			"version": "2.9.0",
			"dev": true,
			"license": "MIT"
		},
		"node_modules/tinypool": {
			"version": "0.8.4",
			"dev": true,
			"license": "MIT",
			"engines": {
				"node": ">=14.0.0"
			}
		},
		"node_modules/tinyspy": {
			"version": "2.2.1",
			"dev": true,
			"license": "MIT",
			"engines": {
				"node": ">=14.0.0"
			}
		},
		"node_modules/to-regex-range": {
			"version": "5.0.1",
			"dev": true,
			"license": "MIT",
			"dependencies": {
				"is-number": "^7.0.0"
			},
			"engines": {
				"node": ">=8.0"
			}
		},
		"node_modules/tslib": {
			"version": "2.7.0",
			"resolved": "https://registry.npmjs.org/tslib/-/tslib-2.7.0.tgz",
			"integrity": "sha512-gLXCKdN1/j47AiHiOkJN69hJmcbGTHI0ImLmbYLHykhgeN0jVGola9yVjFgzCUklsZQMW55o+dW7IXv3RCXDzA==",
			"dev": true
		},
		"node_modules/type-detect": {
			"version": "4.1.0",
			"dev": true,
			"license": "MIT",
			"engines": {
				"node": ">=4"
			}
		},
		"node_modules/typescript": {
			"version": "5.6.2",
			"resolved": "https://registry.npmjs.org/typescript/-/typescript-5.6.2.tgz",
			"integrity": "sha512-NW8ByodCSNCwZeghjN3o+JX5OFH0Ojg6sadjEKY4huZ52TqbJTJnDo5+Tw98lSy63NZvi4n+ez5m2u5d4PkZyw==",
			"dev": true,
			"bin": {
				"tsc": "bin/tsc",
				"tsserver": "bin/tsserver"
			},
			"engines": {
				"node": ">=14.17"
			}
		},
		"node_modules/ufo": {
			"version": "1.5.4",
			"dev": true,
			"license": "MIT"
		},
		"node_modules/undici": {
			"version": "5.28.4",
			"resolved": "https://registry.npmjs.org/undici/-/undici-5.28.4.tgz",
			"integrity": "sha512-72RFADWFqKmUb2hmmvNODKL3p9hcB6Gt2DOQMis1SEBaV6a4MH8soBvzg+95CYhCKPFedut2JY9bMfrDl9D23g==",
			"dev": true,
			"dependencies": {
				"@fastify/busboy": "^2.0.0"
			},
			"engines": {
				"node": ">=14.0"
			}
		},
		"node_modules/undici-types": {
			"version": "6.19.8",
			"resolved": "https://registry.npmjs.org/undici-types/-/undici-types-6.19.8.tgz",
			"integrity": "sha512-ve2KP6f/JnbPBFyobGHuerC9g1FYGn/F8n1LWTwNxCEzd6IfqTwUQcNXgEtmmQ6DlRrC1hrSrBnCZPokRrDHjw=="
		},
		"node_modules/unenv": {
			"name": "unenv-nightly",
			"version": "2.0.0-1724863496.70db6f1",
			"dev": true,
			"license": "MIT",
			"dependencies": {
				"defu": "^6.1.4",
				"ohash": "^1.1.3",
				"pathe": "^1.1.2",
				"ufo": "^1.5.4"
			}
		},
		"node_modules/vite": {
			"version": "5.4.5",
			"dev": true,
			"license": "MIT",
			"dependencies": {
				"esbuild": "^0.21.3",
				"postcss": "^8.4.43",
				"rollup": "^4.20.0"
			},
			"bin": {
				"vite": "bin/vite.js"
			},
			"engines": {
				"node": "^18.0.0 || >=20.0.0"
			},
			"funding": {
				"url": "https://github.com/vitejs/vite?sponsor=1"
			},
			"optionalDependencies": {
				"fsevents": "~2.3.3"
			},
			"peerDependencies": {
				"@types/node": "^18.0.0 || >=20.0.0",
				"less": "*",
				"lightningcss": "^1.21.0",
				"sass": "*",
				"sass-embedded": "*",
				"stylus": "*",
				"sugarss": "*",
				"terser": "^5.4.0"
			},
			"peerDependenciesMeta": {
				"@types/node": {
					"optional": true
				},
				"less": {
					"optional": true
				},
				"lightningcss": {
					"optional": true
				},
				"sass": {
					"optional": true
				},
				"sass-embedded": {
					"optional": true
				},
				"stylus": {
					"optional": true
				},
				"sugarss": {
					"optional": true
				},
				"terser": {
					"optional": true
				}
			}
		},
		"node_modules/vite-node": {
			"version": "1.5.0",
			"dev": true,
			"license": "MIT",
			"dependencies": {
				"cac": "^6.7.14",
				"debug": "^4.3.4",
				"pathe": "^1.1.1",
				"picocolors": "^1.0.0",
				"vite": "^5.0.0"
			},
			"bin": {
				"vite-node": "vite-node.mjs"
			},
			"engines": {
				"node": "^18.0.0 || >=20.0.0"
			},
			"funding": {
				"url": "https://opencollective.com/vitest"
			}
		},
		"node_modules/vite/node_modules/@esbuild/darwin-arm64": {
			"version": "0.21.5",
			"cpu": [
				"arm64"
			],
			"dev": true,
			"license": "MIT",
			"optional": true,
			"os": [
				"darwin"
			],
			"engines": {
				"node": ">=12"
			}
		},
		"node_modules/vite/node_modules/esbuild": {
			"version": "0.21.5",
			"dev": true,
			"hasInstallScript": true,
			"license": "MIT",
			"bin": {
				"esbuild": "bin/esbuild"
			},
			"engines": {
				"node": ">=12"
			},
			"optionalDependencies": {
				"@esbuild/aix-ppc64": "0.21.5",
				"@esbuild/android-arm": "0.21.5",
				"@esbuild/android-arm64": "0.21.5",
				"@esbuild/android-x64": "0.21.5",
				"@esbuild/darwin-arm64": "0.21.5",
				"@esbuild/darwin-x64": "0.21.5",
				"@esbuild/freebsd-arm64": "0.21.5",
				"@esbuild/freebsd-x64": "0.21.5",
				"@esbuild/linux-arm": "0.21.5",
				"@esbuild/linux-arm64": "0.21.5",
				"@esbuild/linux-ia32": "0.21.5",
				"@esbuild/linux-loong64": "0.21.5",
				"@esbuild/linux-mips64el": "0.21.5",
				"@esbuild/linux-ppc64": "0.21.5",
				"@esbuild/linux-riscv64": "0.21.5",
				"@esbuild/linux-s390x": "0.21.5",
				"@esbuild/linux-x64": "0.21.5",
				"@esbuild/netbsd-x64": "0.21.5",
				"@esbuild/openbsd-x64": "0.21.5",
				"@esbuild/sunos-x64": "0.21.5",
				"@esbuild/win32-arm64": "0.21.5",
				"@esbuild/win32-ia32": "0.21.5",
				"@esbuild/win32-x64": "0.21.5"
			}
		},
		"node_modules/vitest": {
			"version": "1.5.0",
			"resolved": "https://registry.npmjs.org/vitest/-/vitest-1.5.0.tgz",
			"integrity": "sha512-d8UKgR0m2kjdxDWX6911uwxout6GHS0XaGH1cksSIVVG8kRlE7G7aBw7myKQCvDI5dT4j7ZMa+l706BIORMDLw==",
			"dev": true,
			"dependencies": {
				"@vitest/expect": "1.5.0",
				"@vitest/runner": "1.5.0",
				"@vitest/snapshot": "1.5.0",
				"@vitest/spy": "1.5.0",
				"@vitest/utils": "1.5.0",
				"acorn-walk": "^8.3.2",
				"chai": "^4.3.10",
				"debug": "^4.3.4",
				"execa": "^8.0.1",
				"local-pkg": "^0.5.0",
				"magic-string": "^0.30.5",
				"pathe": "^1.1.1",
				"picocolors": "^1.0.0",
				"std-env": "^3.5.0",
				"strip-literal": "^2.0.0",
				"tinybench": "^2.5.1",
				"tinypool": "^0.8.3",
				"vite": "^5.0.0",
				"vite-node": "1.5.0",
				"why-is-node-running": "^2.2.2"
			},
			"bin": {
				"vitest": "vitest.mjs"
			},
			"engines": {
				"node": "^18.0.0 || >=20.0.0"
			},
			"funding": {
				"url": "https://opencollective.com/vitest"
			},
			"peerDependencies": {
				"@edge-runtime/vm": "*",
				"@types/node": "^18.0.0 || >=20.0.0",
				"@vitest/browser": "1.5.0",
				"@vitest/ui": "1.5.0",
				"happy-dom": "*",
				"jsdom": "*"
			},
			"peerDependenciesMeta": {
				"@edge-runtime/vm": {
					"optional": true
				},
				"@types/node": {
					"optional": true
				},
				"@vitest/browser": {
					"optional": true
				},
				"@vitest/ui": {
					"optional": true
				},
				"happy-dom": {
					"optional": true
				},
				"jsdom": {
					"optional": true
				}
			}
		},
		"node_modules/which": {
			"version": "2.0.2",
			"dev": true,
			"license": "ISC",
			"dependencies": {
				"isexe": "^2.0.0"
			},
			"bin": {
				"node-which": "bin/node-which"
			},
			"engines": {
				"node": ">= 8"
			}
		},
		"node_modules/why-is-node-running": {
			"version": "2.3.0",
			"dev": true,
			"license": "MIT",
			"dependencies": {
				"siginfo": "^2.0.0",
				"stackback": "0.0.2"
			},
			"bin": {
				"why-is-node-running": "cli.js"
			},
			"engines": {
				"node": ">=8"
			}
		},
		"node_modules/workerd": {
			"version": "1.20240909.0",
			"resolved": "https://registry.npmjs.org/workerd/-/workerd-1.20240909.0.tgz",
			"integrity": "sha512-NwuYh/Fgr/MK0H+Ht687sHl/f8tumwT5CWzYR0MZMHri8m3CIYu2IaY4tBFWoKE/tOU1Z5XjEXECa9zXY4+lwg==",
			"dev": true,
			"hasInstallScript": true,
			"bin": {
				"workerd": "bin/workerd"
			},
			"engines": {
				"node": ">=16"
			},
			"optionalDependencies": {
				"@cloudflare/workerd-darwin-64": "1.20240909.0",
				"@cloudflare/workerd-darwin-arm64": "1.20240909.0",
				"@cloudflare/workerd-linux-64": "1.20240909.0",
				"@cloudflare/workerd-linux-arm64": "1.20240909.0",
				"@cloudflare/workerd-windows-64": "1.20240909.0"
			}
		},
		"node_modules/wrangler": {
			"version": "3.78.2",
			"resolved": "https://registry.npmjs.org/wrangler/-/wrangler-3.78.2.tgz",
			"integrity": "sha512-PL7GchswGrNm2OvdSw5yG3ZAqNjpaQIO++p8E1TaCi63DSyssKFYeYqTvfFshsQPP2u1dox5JFXtLc6IE/m1xw==",
			"dev": true,
			"dependencies": {
				"@cloudflare/kv-asset-handler": "0.3.4",
				"@cloudflare/workers-shared": "0.5.3",
				"@esbuild-plugins/node-globals-polyfill": "^0.2.3",
				"@esbuild-plugins/node-modules-polyfill": "^0.2.2",
				"blake3-wasm": "^2.1.5",
				"chokidar": "^3.5.3",
				"date-fns": "^3.6.0",
				"esbuild": "0.17.19",
				"miniflare": "3.20240909.1",
				"nanoid": "^3.3.3",
				"path-to-regexp": "^6.2.0",
				"resolve": "^1.22.8",
				"resolve.exports": "^2.0.2",
				"selfsigned": "^2.0.1",
				"source-map": "^0.6.1",
				"unenv": "npm:unenv-nightly@2.0.0-1724863496.70db6f1",
				"workerd": "1.20240909.0",
				"xxhash-wasm": "^1.0.1"
			},
			"bin": {
				"wrangler": "bin/wrangler.js",
				"wrangler2": "bin/wrangler.js"
			},
			"engines": {
				"node": ">=16.17.0"
			},
			"optionalDependencies": {
				"fsevents": "~2.3.2"
			},
			"peerDependencies": {
				"@cloudflare/workers-types": "^4.20240909.0"
			},
			"peerDependenciesMeta": {
				"@cloudflare/workers-types": {
					"optional": true
				}
			}
		},
		"node_modules/ws": {
			"version": "8.18.0",
			"resolved": "https://registry.npmjs.org/ws/-/ws-8.18.0.tgz",
			"integrity": "sha512-8VbfWfHLbbwu3+N6OKsOMpBdT4kXPDDB9cJk2bJ6mh9ucxdlnNvH1e+roYkKmN9Nxw2yjz7VzeO9oOz2zJ04Pw==",
			"dev": true,
			"engines": {
				"node": ">=10.0.0"
			},
			"peerDependencies": {
				"bufferutil": "^4.0.1",
				"utf-8-validate": ">=5.0.2"
			},
			"peerDependenciesMeta": {
				"bufferutil": {
					"optional": true
				},
				"utf-8-validate": {
					"optional": true
				}
			}
		},
		"node_modules/xxhash-wasm": {
			"version": "1.0.2",
			"dev": true,
			"license": "MIT"
		},
		"node_modules/yocto-queue": {
			"version": "1.1.1",
			"resolved": "https://registry.npmjs.org/yocto-queue/-/yocto-queue-1.1.1.tgz",
			"integrity": "sha512-b4JR1PFR10y1mKjhHY9LaGo6tmrgjit7hxVIeAmyMw3jegXR4dhYqLaQF5zMXZxY7tLpMyJeLjr1C4rLmkVe8g==",
			"dev": true,
			"engines": {
				"node": ">=12.20"
			},
			"funding": {
				"url": "https://github.com/sponsors/sindresorhus"
			}
		},
		"node_modules/youch": {
			"version": "3.3.3",
			"resolved": "https://registry.npmjs.org/youch/-/youch-3.3.3.tgz",
			"integrity": "sha512-qSFXUk3UZBLfggAW3dJKg0BMblG5biqSF8M34E06o5CSsZtH92u9Hqmj2RzGiHDi64fhe83+4tENFP2DB6t6ZA==",
			"dev": true,
			"dependencies": {
				"cookie": "^0.5.0",
				"mustache": "^4.2.0",
				"stacktracey": "^2.1.8"
			}
		},
		"node_modules/zod": {
			"version": "3.23.8",
			"dev": true,
			"license": "MIT",
			"funding": {
				"url": "https://github.com/sponsors/colinhacks"
			}
		}
	}
}
