version = 1
revision = 3
requires-python = ">=3.12"
resolution-markers = [
    "python_full_version >= '3.13'",
    "python_full_version < '3.13'",
]

[[package]]
name = "click"
version = "8.3.0"
source = { registry = "https://pypi.org/simple" }
dependencies = [
    { name = "colorama", marker = "sys_platform == 'win32'" },
]
sdist = { url = "https://files.pythonhosted.org/packages/46/61/de6cd827efad202d7057d93e0fed9294b96952e188f7384832791c7b2254/click-8.3.0.tar.gz", hash = "sha256:e7b8232224eba16f4ebe410c25ced9f7875cb5f3263ffc93cc3e8da705e229c4", size = 276943, upload-time = "2025-09-18T17:32:23.696Z" }
wheels = [
    { url = "https://files.pythonhosted.org/packages/db/d3/9dcc0f5797f070ec8edf30fbadfb200e71d9db6b84d211e3b2085a7589a0/click-8.3.0-py3-none-any.whl", hash = "sha256:9b9f285302c6e3064f4330c05f05b81945b2a39544279343e6e7c5f27a9baddc", size = 107295, upload-time = "2025-09-18T17:32:22.42Z" },
]

[[package]]
name = "colorama"
version = "0.4.6"
source = { registry = "https://pypi.org/simple" }
sdist = { url = "https://files.pythonhosted.org/packages/d8/53/6f443c9a4a8358a93a6792e2acffb9d9d5cb0a5cfd8802644b7b1c9a02e4/colorama-0.4.6.tar.gz", hash = "sha256:08695f5cb7ed6e0531a20572697297273c47b8cae5a63ffc6d6ed5c201be6e44", size = 27697, upload-time = "2022-10-25T02:36:22.414Z" }
wheels = [
    { url = "https://files.pythonhosted.org/packages/d1/d6/3965ed04c63042e047cb6a3e6ed1a63a35087b6a609aa3a15ed8ac56c221/colorama-0.4.6-py2.py3-none-any.whl", hash = "sha256:4f1d9991f5acc0ca119f9d443620b77f9d6b33703e51011c16baf57afb285fc6", size = 25335, upload-time = "2022-10-25T02:36:20.889Z" },
]

[[package]]
name = "markdown-it-py"
version = "4.0.0"
source = { registry = "https://pypi.org/simple" }
dependencies = [
    { name = "mdurl" },
]
sdist = { url = "https://files.pythonhosted.org/packages/5b/f5/4ec618ed16cc4f8fb3b701563655a69816155e79e24a17b651541804721d/markdown_it_py-4.0.0.tar.gz", hash = "sha256:cb0a2b4aa34f932c007117b194e945bd74e0ec24133ceb5bac59009cda1cb9f3", size = 73070, upload-time = "2025-08-11T12:57:52.854Z" }
wheels = [
    { url = "https://files.pythonhosted.org/packages/94/54/e7d793b573f298e1c9013b8c4dade17d481164aa517d1d7148619c2cedbf/markdown_it_py-4.0.0-py3-none-any.whl", hash = "sha256:87327c59b172c5011896038353a81343b6754500a08cd7a4973bb48c6d578147", size = 87321, upload-time = "2025-08-11T12:57:51.923Z" },
]

[[package]]
name = "mdurl"
version = "0.1.2"
source = { registry = "https://pypi.org/simple" }
sdist = { url = "https://files.pythonhosted.org/packages/d6/54/cfe61301667036ec958cb99bd3efefba235e65cdeb9c84d24a8293ba1d90/mdurl-0.1.2.tar.gz", hash = "sha256:bb413d29f5eea38f31dd4754dd7377d4465116fb207585f97bf925588687c1ba", size = 8729, upload-time = "2022-08-14T12:40:10.846Z" }
wheels = [
    { url = "https://files.pythonhosted.org/packages/b3/38/89ba8ad64ae25be8de66a6d463314cf1eb366222074cfda9ee839c56a4b4/mdurl-0.1.2-py3-none-any.whl", hash = "sha256:84008a41e51615a49fc9966191ff91509e3c40b939176e643fd50a5c2196b8f8", size = 9979, upload-time = "2022-08-14T12:40:09.779Z" },
]

[[package]]
name = "pygments"
version = "2.19.2"
source = { registry = "https://pypi.org/simple" }
sdist = { url = "https://files.pythonhosted.org/packages/b0/77/a5b8c569bf593b0140bde72ea885a803b82086995367bf2037de0159d924/pygments-2.19.2.tar.gz", hash = "sha256:636cb2477cec7f8952536970bc533bc43743542f70392ae026374600add5b887", size = 4968631, upload-time = "2025-06-21T13:39:12.283Z" }
wheels = [
    { url = "https://files.pythonhosted.org/packages/c7/21/705964c7812476f378728bdf590ca4b771ec72385c533964653c68e86bdc/pygments-2.19.2-py3-none-any.whl", hash = "sha256:86540386c03d588bb81d44bc3928634ff26449851e99741617ecb9037ee5ec0b", size = 1225217, upload-time = "2025-06-21T13:39:07.939Z" },
]

[[package]]
name = "pyjson5"
version = "2.0.0"
source = { registry = "https://pypi.org/simple" }
sdist = { url = "https://files.pythonhosted.org/packages/6e/d9/005aaaf5077cde946282b22da9404965477fb140fa6836b52d2e0955a391/pyjson5-2.0.0.tar.gz", hash = "sha256:7ccc98586cf87dfeadfa76de8df4c9cb0c3d21d1b559e28812dd9633748d6e25", size = 305865, upload-time = "2025-10-02T00:23:02.154Z" }
wheels = [
    { url = "https://files.pythonhosted.org/packages/d0/25/429e6cc1b6ba7a1ce730f172d8653f16dfff991de7c1122627b5d9a7dfd6/pyjson5-2.0.0-cp312-cp312-macosx_10_13_universal2.whl", hash = "sha256:dbb701b2b19ef5860a2409baf7fd576af8619fdaffa96ca37e0e8e0b2f030be8", size = 300589, upload-time = "2025-10-02T00:19:44.285Z" },
    { url = "https://files.pythonhosted.org/packages/1f/58/251cc5bfcced1f18dbe36ad54b25f376ab47e8a4bcd6239c7bd69b86218e/pyjson5-2.0.0-cp312-cp312-macosx_10_13_x86_64.whl", hash = "sha256:c0f29297836f4a4f8090f5bfc7b0e2b70af235c8dcfd9476a159814f734441d3", size = 159389, upload-time = "2025-10-02T00:19:45.39Z" },
    { url = "https://files.pythonhosted.org/packages/aa/4b/4e69ccbf34f2f303e32dc0dc8853d82282f109ba41b7a9366d518751e500/pyjson5-2.0.0-cp312-cp312-macosx_11_0_arm64.whl", hash = "sha256:76d4c8d8bf56696c5b9bc3b18f51c840499e7b485817ddba89ae399fcc25c923", size = 150788, upload-time = "2025-10-02T00:19:46.454Z" },
    { url = "https://files.pythonhosted.org/packages/49/67/caa7dd84ab554d83bb68a7a27f09ed750681cd305d13feb38c2df90ccdbe/pyjson5-2.0.0-cp312-cp312-manylinux1_i686.manylinux_2_28_i686.manylinux_2_5_i686.whl", hash = "sha256:e94e1a05c8a42a4828a50c520eb2330fe5732d5d04f3ebe771680f7db16f7df3", size = 188298, upload-time = "2025-10-02T00:19:47.456Z" },
    { url = "https://files.pythonhosted.org/packages/ba/39/26fffaff9ebf720a05e2867c40e2023cebe33a41e1f511e3c1b42452fe7d/pyjson5-2.0.0-cp312-cp312-manylinux2014_aarch64.manylinux_2_17_aarch64.manylinux_2_28_aarch64.whl", hash = "sha256:9ab533ccd75bfda9ffd34a818f283b481e78c5c315919c4f620f69639044bdd3", size = 168159, upload-time = "2025-10-02T00:19:48.459Z" },
    { url = "https://files.pythonhosted.org/packages/cd/c9/f7170d4903cb1526836a458f7e4650f0ff465001b7ef7066bc4b0577e601/pyjson5-2.0.0-cp312-cp312-manylinux2014_armv7l.manylinux_2_17_armv7l.manylinux_2_31_armv7l.whl", hash = "sha256:16e9295bf9f80fc5fb63046a0df4a3adef4e945d27f61f0f6e5db0a4f1510a15", size = 169039, upload-time = "2025-10-02T00:19:49.478Z" },
    { url = "https://files.pythonhosted.org/packages/2c/d1/b84322897a861e85528c9621372441c4db57b8af615a647a9a8223e7e00a/pyjson5-2.0.0-cp312-cp312-manylinux2014_ppc64le.manylinux_2_17_ppc64le.manylinux_2_28_ppc64le.whl", hash = "sha256:4191eced0e77207afc2f82782ef3dbee88c38ec386da8c0af9190653e8c8557f", size = 185596, upload-time = "2025-10-02T00:19:50.5Z" },
    { url = "https://files.pythonhosted.org/packages/56/3c/fea02294217c0b93f017ddc032bbacc805e669014c784b42b5cf366d4aa1/pyjson5-2.0.0-cp312-cp312-manylinux2014_s390x.manylinux_2_17_s390x.manylinux_2_28_s390x.whl", hash = "sha256:9efc441991cd31a5d1fea04d8a024649bbd9a005d7e0ec6a870670b47adf43e8", size = 187665, upload-time = "2025-10-02T00:19:51.513Z" },
    { url = "https://files.pythonhosted.org/packages/10/39/de2423e6a13fb2f44ecf068df41ff1c7368ecd8b06f728afa1fb30f4ff0a/pyjson5-2.0.0-cp312-cp312-manylinux2014_x86_64.manylinux_2_17_x86_64.manylinux_2_28_x86_64.whl", hash = "sha256:467c5e0856152bbe539e38f126f698189f1ecc4feb5292d47ad0f20472d24b6d", size = 178950, upload-time = "2025-10-02T00:19:52.591Z" },
    { url = "https://files.pythonhosted.org/packages/d4/9c/3de848f4441b95ad5f8499f7aed9b86da1c7eee776b0e673d85703416f15/pyjson5-2.0.0-cp312-cp312-manylinux_2_31_riscv64.manylinux_2_39_riscv64.whl", hash = "sha256:a2fc21d0f59c75dd3cc0a9943fface3729a4cf2e4dfbd14a90680a97bbfe23d1", size = 175149, upload-time = "2025-10-02T00:19:53.655Z" },
    { url = "https://files.pythonhosted.org/packages/44/b8/fb33760617875852f299e06aa9cd9bbaf68d2f939189736ebf9099f4f305/pyjson5-2.0.0-cp312-cp312-musllinux_1_2_aarch64.whl", hash = "sha256:7a4887291c830dbc30528833eb8cdcc44d0531626a61ac9bac80b17df369cb33", size = 1149408, upload-time = "2025-10-02T00:19:54.885Z" },
    { url = "https://files.pythonhosted.org/packages/8c/b2/ea1806e14704b5087a637a0b126ce63376f39e3762099614bca446dc7fa4/pyjson5-2.0.0-cp312-cp312-musllinux_1_2_armv7l.whl", hash = "sha256:4a1497408a18ddd2501b1c6bdd1dd01d69809450d145c13c42913f98dfa59d20", size = 1012047, upload-time = "2025-10-02T00:19:56.254Z" },
    { url = "https://files.pythonhosted.org/packages/8d/79/bbd9e037d2758b3da79a4bf02d6234e88908ad62fd6fc299144d4efe7466/pyjson5-2.0.0-cp312-cp312-musllinux_1_2_i686.whl", hash = "sha256:9617abb9022fcd3d1034a5e07972dc0440af3d91da86c45f81750b6c324e9bcf", size = 1324907, upload-time = "2025-10-02T00:19:57.961Z" },
    { url = "https://files.pythonhosted.org/packages/e0/5d/f984d6008fa0dcf64624eed4334c88cdae31b48d0546a17017beea6f6978/pyjson5-2.0.0-cp312-cp312-musllinux_1_2_ppc64le.whl", hash = "sha256:247a8f29e4fecdf7ff894dd3b5759a21c5336b5e3c21ba2ee31a03b52b73a98c", size = 1243097, upload-time = "2025-10-02T00:19:59.37Z" },
    { url = "https://files.pythonhosted.org/packages/14/dc/c07f02d3e5f307540f884cb9ae1c2b17849ebcbf112f81663abe8ca04511/pyjson5-2.0.0-cp312-cp312-musllinux_1_2_riscv64.whl", hash = "sha256:6a464e605113b09d2f235fc6d7df8425831bbe40078fe6755b30058b8a904694", size = 1181197, upload-time = "2025-10-02T00:20:00.893Z" },
    { url = "https://files.pythonhosted.org/packages/1a/59/6cf634b199a4e71cb11cc8157d3c8c0baea1d8c89b2bea3bf83a482ac742/pyjson5-2.0.0-cp312-cp312-musllinux_1_2_s390x.whl", hash = "sha256:d355134c9735f3eb3724f3985551203976c823909aec118f616b8da096ffd9b5", size = 1356466, upload-time = "2025-10-02T00:20:02.497Z" },
    { url = "https://files.pythonhosted.org/packages/1d/f1/ae443709da9396396545c1ecfc30fd2f69629a65e894341a72fa286f0c26/pyjson5-2.0.0-cp312-cp312-musllinux_1_2_x86_64.whl", hash = "sha256:6c3353d214db15d6b05d941cdb2fc2e3d1c94650e5baecc6986424f20ebe76d1", size = 1211084, upload-time = "2025-10-02T00:20:03.99Z" },
    { url = "https://files.pythonhosted.org/packages/28/a7/291e4ac2890dd94f773aa7fe606ffb7b5424ad5c21d888feccb0b0fbf76b/pyjson5-2.0.0-cp312-cp312-win32.whl", hash = "sha256:9f164c973f0d6b79ed3c92a4bb5506b04c810dcf84dc48b543d968ec0acfbfc8", size = 115425, upload-time = "2025-10-02T00:20:40.058Z" },
    { url = "https://files.pythonhosted.org/packages/af/cb/cf69e6e080149b8993d553c683d364e714c6646f70f55b7c135efe942366/pyjson5-2.0.0-cp312-cp312-win_amd64.whl", hash = "sha256:296cb2e2c6f64dc61397bd48f04569f1532cd9062d8ebca29ed02644b298e4fc", size = 135552, upload-time = "2025-10-02T00:20:41.392Z" },
    { url = "https://files.pythonhosted.org/packages/3c/f7/b7784d5dd52a34f23efd4118bf856877a8f15bb2a53c43c192e4dee7d10f/pyjson5-2.0.0-cp312-cp312-win_arm64.whl", hash = "sha256:b36fa4a4b6f632bbc2afc4caaa16e7f585cd2345de85a439e6ce734f915b8018", size = 116874, upload-time = "2025-10-02T00:20:42.379Z" },
    { url = "https://files.pythonhosted.org/packages/74/f0/a0273fa863a96fb450336f5c8f3126cd1fefe17bd60451fd66dc58d0ab6c/pyjson5-2.0.0-cp313-cp313-macosx_10_13_universal2.whl", hash = "sha256:6840b70981cb838e025a9f952004c6b59655c91076067abf01317fc10681cd7b", size = 299171, upload-time = "2025-10-02T00:20:43.467Z" },
    { url = "https://files.pythonhosted.org/packages/e0/8c/402811e522cbed81f414056c1683c129127034a9f567fa707200c3c67cf7/pyjson5-2.0.0-cp313-cp313-macosx_10_13_x86_64.whl", hash = "sha256:dd89ea40f33d1d835493ab0fc3b7b4d7c0c40254e0ddeefde08e0e9d98aebbde", size = 158725, upload-time = "2025-10-02T00:20:44.537Z" },
    { url = "https://files.pythonhosted.org/packages/2f/00/f2392fe52b50aadf5037381a52f9eda0081be6c429d9d85b47f387ecda38/pyjson5-2.0.0-cp313-cp313-macosx_11_0_arm64.whl", hash = "sha256:dc47fe45e5c20137ac10e8f2d27985d97e67fa71410819a576fa21f181b8e94b", size = 150027, upload-time = "2025-10-02T00:20:45.54Z" },
    { url = "https://files.pythonhosted.org/packages/36/5c/e3f18bb7059e4e4992b76bf2e9d8594615361313df2fb78b4c08d441a8a3/pyjson5-2.0.0-cp313-cp313-manylinux1_i686.manylinux_2_28_i686.manylinux_2_5_i686.whl", hash = "sha256:eb4e885db6fe2421735b913f43028578a30dbf9f4c86673649b52bbee91231a9", size = 187241, upload-time = "2025-10-02T00:20:46.869Z" },
    { url = "https://files.pythonhosted.org/packages/ae/96/1d9cf5bf5ea863d61ab977f6e9842c8519ff430dbceb58580e06deb1dd4a/pyjson5-2.0.0-cp313-cp313-manylinux2014_aarch64.manylinux_2_17_aarch64.manylinux_2_28_aarch64.whl", hash = "sha256:4b56f404b77f6b6d4a53b74c4d3f989d33b33ec451d7b178dad43d2fb81204dc", size = 168678, upload-time = "2025-10-02T00:20:47.871Z" },
    { url = "https://files.pythonhosted.org/packages/f5/f4/d0704fef397d0d28d1fc16f4577883331d46b6a2f2eb59c4cc1a364b19f9/pyjson5-2.0.0-cp313-cp313-manylinux2014_armv7l.manylinux_2_17_armv7l.manylinux_2_31_armv7l.whl", hash = "sha256:20db35f29815572130ec8d539c2465c1e4e7c7677298d6f79216bda611577709", size = 169324, upload-time = "2025-10-02T00:20:48.829Z" },
    { url = "https://files.pythonhosted.org/packages/df/8c/84eeafe750d04016aedb24cb02959e65a42ef09de675d0dca96013baf199/pyjson5-2.0.0-cp313-cp313-manylinux2014_ppc64le.manylinux_2_17_ppc64le.manylinux_2_28_ppc64le.whl", hash = "sha256:445a21f0a6333f352251e7cb5a8f471ce44e7d74892558bd256e0bb889c1961e", size = 184377, upload-time = "2025-10-02T00:20:50.41Z" },
    { url = "https://files.pythonhosted.org/packages/9a/80/119b2b01ae625d06ab1d6d5b021f4988fea28cf0ce8921b83ee6f944a1ab/pyjson5-2.0.0-cp313-cp313-manylinux2014_s390x.manylinux_2_17_s390x.manylinux_2_28_s390x.whl", hash = "sha256:1bbabb12147f85850ba3b6a5813a3e9cc417ac9d0a66d57af42dd714f563b51e", size = 186931, upload-time = "2025-10-02T00:20:51.642Z" },
    { url = "https://files.pythonhosted.org/packages/d8/d3/82f366ccadbe8a250e1b810ffa4a33006f66ec287e382632765b63758835/pyjson5-2.0.0-cp313-cp313-manylinux2014_x86_64.manylinux_2_17_x86_64.manylinux_2_28_x86_64.whl", hash = "sha256:49f490d68bebfccb1aa01b612beef3abffa720c4069d82d74af8b55cf15cd214", size = 180127, upload-time = "2025-10-02T00:20:52.99Z" },
    { url = "https://files.pythonhosted.org/packages/65/e2/8b96a72e8ab2e92c3748feafcec79f3e6219bf5289e5b053da7fe7fcb3f3/pyjson5-2.0.0-cp313-cp313-manylinux_2_31_riscv64.manylinux_2_39_riscv64.whl", hash = "sha256:06cd493d607d94e841b6a8452f33bb45f55430ff33c992b8c4b671f8bebd2a14", size = 175413, upload-time = "2025-10-02T00:20:54.552Z" },
    { url = "https://files.pythonhosted.org/packages/f8/9d/ea8542d9184616bedc3c7d8d8ac32d7e82fa4e347da08744b81cbffe00e3/pyjson5-2.0.0-cp313-cp313-musllinux_1_2_aarch64.whl", hash = "sha256:9eea8981d20bf6c37939c013c51ea1e7c9252429b01002a51afce59081b9ae0f", size = 1150022, upload-time = "2025-10-02T00:20:55.861Z" },
    { url = "https://files.pythonhosted.org/packages/6d/af/8b8060bb9609bf4ad0bfc6fb9f52373aada55c93880c9597e41aecc2d266/pyjson5-2.0.0-cp313-cp313-musllinux_1_2_armv7l.whl", hash = "sha256:863a0688a090e8c0add0d769ddf51e2cd48edd1d585f34272e7b4f095593175b", size = 1011750, upload-time = "2025-10-02T00:20:57.505Z" },
    { url = "https://files.pythonhosted.org/packages/14/3a/9e49bbecc03ebc21c0b45a4f51e74c87c5250822e6bcffb8f8bcf9e800fd/pyjson5-2.0.0-cp313-cp313-musllinux_1_2_i686.whl", hash = "sha256:a4a0e0835d7a5c7b18c3333dd01940ee2d160560e50851803cfaab27cc298df3", size = 1324079, upload-time = "2025-10-02T00:20:58.882Z" },
    { url = "https://files.pythonhosted.org/packages/2f/94/951c1f531a5369d8859e42a5ac60c7dacf4d8585bb25f37ca7bdd46b9cb1/pyjson5-2.0.0-cp313-cp313-musllinux_1_2_ppc64le.whl", hash = "sha256:42f3d404367f7365325be1f1460c515d40022d41bece841d47cf00e616967308", size = 1243622, upload-time = "2025-10-02T00:21:00.452Z" },
    { url = "https://files.pythonhosted.org/packages/99/0b/edb91338101501f1ec18f003e2a8da7650409537f446c7db96d302c7870d/pyjson5-2.0.0-cp313-cp313-musllinux_1_2_riscv64.whl", hash = "sha256:3765c07dc1cd5b954a3e793c73c5725bac5431b83f7c807d695d73bbf78ae431", size = 1182052, upload-time = "2025-10-02T00:21:02.139Z" },
    { url = "https://files.pythonhosted.org/packages/64/f2/54e28fd04aa27375ec4baa447fd58a894cf3cfd20c6a0dad160ee8ec115c/pyjson5-2.0.0-cp313-cp313-musllinux_1_2_s390x.whl", hash = "sha256:51d33381fc268989d6ba3b6ff44e45b634ee490fc658704d04eca59ed9f8b53d", size = 1357131, upload-time = "2025-10-02T00:21:03.643Z" },
    { url = "https://files.pythonhosted.org/packages/ac/1a/80b50d0fae42cf58e1a37f5b87543c445bb1781ffcc69c94cc73ed397d67/pyjson5-2.0.0-cp313-cp313-musllinux_1_2_x86_64.whl", hash = "sha256:9f42e70d01668ccff505de17a9358fd09b26f9de037dbc8f1476215f217d3dc1", size = 1212220, upload-time = "2025-10-02T00:21:05.044Z" },
    { url = "https://files.pythonhosted.org/packages/39/fc/44fb44d5b915fc1c871aea2947d87b4cfd77c9f6673ffdaf4e41b7365a46/pyjson5-2.0.0-cp313-cp313-win32.whl", hash = "sha256:62e02fd3a4aa7bc48d9ad04dbd22076d4c33c8161df2f72cdbd8588b8634cb5d", size = 115225, upload-time = "2025-10-02T00:21:06.277Z" },
    { url = "https://files.pythonhosted.org/packages/e9/60/d28dcdc482ed36196ee7523f47b1869f92a998777d46c80cf84ec1c8c962/pyjson5-2.0.0-cp313-cp313-win_amd64.whl", hash = "sha256:5318cd5e7d130fb2532c0d295a5c914ee1ab629bc0c57b1ef625bddb272442c4", size = 135384, upload-time = "2025-10-02T00:21:07.284Z" },
    { url = "https://files.pythonhosted.org/packages/79/3e/14be4a4efa651dab867057d81b4d56b1c9d5328418ca0b1d08d5e953e8d7/pyjson5-2.0.0-cp313-cp313-win_arm64.whl", hash = "sha256:b274a6c6affca4a3210359bf486940ee08dbc9875f896ab19a14e344d9bbf322", size = 116783, upload-time = "2025-10-02T00:21:08.713Z" },
    { url = "https://files.pythonhosted.org/packages/79/25/4a81e6d5611b38806e8f87a5b1cf4cbac21b9781c1cbba02c8e43ebd9664/pyjson5-2.0.0-cp314-cp314-macosx_10_13_universal2.whl", hash = "sha256:6ae6b65bc5a45e853b462d840fc32be1df4dab8dbd48b1ff3078b8dac2df2f09", size = 301159, upload-time = "2025-10-02T00:21:09.745Z" },
    { url = "https://files.pythonhosted.org/packages/a6/f4/8c948e8a8b1a518fe87a114df1d58ab5f80b55b6601b64f8649438293bfd/pyjson5-2.0.0-cp314-cp314-macosx_10_13_x86_64.whl", hash = "sha256:6b24990927f723c2fff183ec7e14507f8ae3ce22743ac312aa9bf1327f9153dd", size = 159730, upload-time = "2025-10-02T00:21:11.946Z" },
    { url = "https://files.pythonhosted.org/packages/39/1b/9cd7acea4c0e5a4ed44a79b99fc7e3a50b69639ea9f926efc35d660bef04/pyjson5-2.0.0-cp314-cp314-macosx_11_0_arm64.whl", hash = "sha256:a84949318c52844ced26622a733ca54215ccfa9ee87eb38f1c92ee1ed5994827", size = 151029, upload-time = "2025-10-02T00:21:12.953Z" },
    { url = "https://files.pythonhosted.org/packages/c4/ff/136636d1ab42f98c55011d2b25a45b3f1107bef10248506d6bf549c8eabd/pyjson5-2.0.0-cp314-cp314-manylinux1_i686.manylinux_2_28_i686.manylinux_2_5_i686.whl", hash = "sha256:10fa949fd41e8583170e2b8404c026d8e088d370428b87270a3a8df5a09ffac5", size = 187718, upload-time = "2025-10-02T00:21:14.225Z" },
    { url = "https://files.pythonhosted.org/packages/e0/97/e104682432b02f1458de22478d2b62caa607426e8284bec4680a3537cadd/pyjson5-2.0.0-cp314-cp314-manylinux2014_aarch64.manylinux_2_17_aarch64.manylinux_2_28_aarch64.whl", hash = "sha256:ccbc7a0cf1d9b8c0851b84601650ce9772e526a1a444633be6827aa162c20b54", size = 171291, upload-time = "2025-10-02T00:21:15.322Z" },
    { url = "https://files.pythonhosted.org/packages/a2/91/bf4eacd990f93f8b5afe717f915ed248595261fcfb47e7718e17c55f5069/pyjson5-2.0.0-cp314-cp314-manylinux2014_armv7l.manylinux_2_17_armv7l.manylinux_2_31_armv7l.whl", hash = "sha256:4e193346ab7c49605be4ec240c81d91014a276a163d5bba67eb53e64f425cecf", size = 168555, upload-time = "2025-10-02T00:21:16.519Z" },
    { url = "https://files.pythonhosted.org/packages/24/70/fc2147cade7bd91c4d3726a200ae9556bcb45e294d8c57a904f15da16eea/pyjson5-2.0.0-cp314-cp314-manylinux2014_ppc64le.manylinux_2_17_ppc64le.manylinux_2_28_ppc64le.whl", hash = "sha256:25e9b32e21d4928201e2c410bafd196b0a4f0034761378821e99fc80c21ed0e3", size = 185817, upload-time = "2025-10-02T00:21:17.628Z" },
    { url = "https://files.pythonhosted.org/packages/01/48/a8c396f25b53880bd06beb11ea8f63a42a6b8f9b82d42cc0cf6b0df8ca9f/pyjson5-2.0.0-cp314-cp314-manylinux2014_s390x.manylinux_2_17_s390x.manylinux_2_28_s390x.whl", hash = "sha256:63b0300e5ea302c107e518ef185c6f4ab8af49a5d4a52ed93e3e287fa8a6c69f", size = 188903, upload-time = "2025-10-02T00:21:19.058Z" },
    { url = "https://files.pythonhosted.org/packages/7c/a3/8ffe10a49652bfd769348c6eca577463c2b3938baab5e62f3896fc5da0b7/pyjson5-2.0.0-cp314-cp314-manylinux2014_x86_64.manylinux_2_17_x86_64.manylinux_2_28_x86_64.whl", hash = "sha256:72f5b5832d2c3055be492cf9853ce7fe57b57cc5e664f1327f10211cbd1114ef", size = 180252, upload-time = "2025-10-02T00:21:20.174Z" },
    { url = "https://files.pythonhosted.org/packages/7f/f0/801b0523f679a9bd5356210be9a9b074fc14e0e969f2ed1f789cf6af3c45/pyjson5-2.0.0-cp314-cp314-manylinux_2_31_riscv64.manylinux_2_39_riscv64.whl", hash = "sha256:da790aeb2dd88be1c94ea95b5ff4915614109e9e025df7f0936dadc01ae21e0b", size = 175965, upload-time = "2025-10-02T00:21:21.252Z" },
    { url = "https://files.pythonhosted.org/packages/ea/04/ab703bccebc02c31056a525b7f06c473f141dc5bf96fe314893911a7b9ad/pyjson5-2.0.0-cp314-cp314-musllinux_1_2_aarch64.whl", hash = "sha256:ee211f71e3d0e7550c09b407dc75d01bbe6d5ed2ac7ee6aa54f870ebe17541aa", size = 1151968, upload-time = "2025-10-02T00:21:22.982Z" },
    { url = "https://files.pythonhosted.org/packages/70/18/5c665a34ef6123d4c4f70173e30f533bbcf36ca76e3fa7c03b8400b2e34c/pyjson5-2.0.0-cp314-cp314-musllinux_1_2_armv7l.whl", hash = "sha256:bf8e84ac6d58380b5fda77985f7acea5afe45bd45e24e77aca0a6912d25222fc", size = 1009858, upload-time = "2025-10-02T00:21:24.305Z" },
    { url = "https://files.pythonhosted.org/packages/f1/bb/7641ee31fedbe337f5c7ed505b8491a96a94fdcc1567b0b1b2b3633ec755/pyjson5-2.0.0-cp314-cp314-musllinux_1_2_i686.whl", hash = "sha256:f0dd8b38187d0c2e741d40b9b348328172d0c894a90457f53b22e0f470b19009", size = 1324909, upload-time = "2025-10-02T00:21:25.874Z" },
    { url = "https://files.pythonhosted.org/packages/aa/7f/4cd19d65074d85ad583ff0517e3771af8dd3e87a40d6c25bdb81d38ff0b4/pyjson5-2.0.0-cp314-cp314-musllinux_1_2_ppc64le.whl", hash = "sha256:4ac06acc8ffa5686abad2220dbbef89f99694f1f6ddb70e4ec5455bf9fd91176", size = 1245254, upload-time = "2025-10-02T00:21:27.762Z" },
    { url = "https://files.pythonhosted.org/packages/54/26/0b96502136c4e74fa508e5a129119bd2df235dfd165acb0d74043e7fe6f0/pyjson5-2.0.0-cp314-cp314-musllinux_1_2_riscv64.whl", hash = "sha256:34d2700a9472817c043a18d711ee8fd7bb6270dbd4013473d9aac51cef6a7d77", size = 1182526, upload-time = "2025-10-02T00:21:29.433Z" },
    { url = "https://files.pythonhosted.org/packages/4c/34/e704bb86cd56092771589a08d1705d1e1310bdb955a752b26f483f7cd7c9/pyjson5-2.0.0-cp314-cp314-musllinux_1_2_s390x.whl", hash = "sha256:daf0e3ecf4f7888735050e1e4dc6f25f2f523706cf42de5c3f665042311db9dc", size = 1359472, upload-time = "2025-10-02T00:21:31.4Z" },
    { url = "https://files.pythonhosted.org/packages/0d/fe/d9b6e1a1e4e4d08b3f9b022e92b93abf7baab5c959296faf10aa89cf17b2/pyjson5-2.0.0-cp314-cp314-musllinux_1_2_x86_64.whl", hash = "sha256:93580c6dcfb3f4f189c2a8477d9bf262cbc31878cd809c118ddc6b1bb8d6f645", size = 1212271, upload-time = "2025-10-02T00:21:32.796Z" },
    { url = "https://files.pythonhosted.org/packages/0b/0d/c4de90f7b1aecbc24bacc2ea4582e344043e8587c18596649950e877f5aa/pyjson5-2.0.0-cp314-cp314-win32.whl", hash = "sha256:dc53188059c2a73c8ddd0d17eaf970210a0ba48805e2178dfc8e71c063668d80", size = 118268, upload-time = "2025-10-02T00:22:01.555Z" },
    { url = "https://files.pythonhosted.org/packages/52/8c/1bb60288c4d480a0b51e376a17d6c4d932dc8420989d1db440e3b284aad5/pyjson5-2.0.0-cp314-cp314-win_amd64.whl", hash = "sha256:36ab5b8fcf1585623d12519f55e3efddbcbba6a0072e7168b4a3f48e3d4c64bb", size = 137772, upload-time = "2025-10-02T00:22:02.577Z" },
    { url = "https://files.pythonhosted.org/packages/53/ea/c5e9e5a44b194851347698b5065df642d42852641d32da0c71626f60f3fc/pyjson5-2.0.0-cp314-cp314-win_arm64.whl", hash = "sha256:371a8ee3d8c5f128f8024c5afc776b661043c2b2672de83a22ed6a4a289522f9", size = 121372, upload-time = "2025-10-02T00:22:03.666Z" },
    { url = "https://files.pythonhosted.org/packages/05/13/1391b985d3cded0038816d07a5d68e9f525a2b304a258e890bb5a4e2c64a/pyjson5-2.0.0-cp314-cp314t-macosx_10_13_universal2.whl", hash = "sha256:111d4f3b384a41eae225bce1709c745c1aeafd51214bcd850469c5c34167856c", size = 322542, upload-time = "2025-10-02T00:21:33.993Z" },
    { url = "https://files.pythonhosted.org/packages/24/c9/391def485564be4700e8baaa9a67292ed64a316050f625b84ef43358fbcc/pyjson5-2.0.0-cp314-cp314t-macosx_10_13_x86_64.whl", hash = "sha256:15bc0bc456d2b101c469f57d0301a9624be682302d9ded569d5976c2c3b1130e", size = 169901, upload-time = "2025-10-02T00:21:35.081Z" },
    { url = "https://files.pythonhosted.org/packages/d7/9c/2612e236a40eac86fba453dc9db1c334b4fb77ac5d1630498b0e3a0fd8d3/pyjson5-2.0.0-cp314-cp314t-macosx_11_0_arm64.whl", hash = "sha256:151ea53ec2ce1c014c58ee755d3113af80dc44cb8ca1008eabb829cd1001ea7b", size = 161759, upload-time = "2025-10-02T00:21:36.543Z" },
    { url = "https://files.pythonhosted.org/packages/42/6f/f62b823d2e52ee7ddb25761b4bc8286c08199f6d42ddd1f01e8cb48a55a0/pyjson5-2.0.0-cp314-cp314t-manylinux1_i686.manylinux_2_28_i686.manylinux_2_5_i686.whl", hash = "sha256:92fb2ae9e367fc585f93573222bfa2512c6fe85703658f96adbebd8459b16d0c", size = 184972, upload-time = "2025-10-02T00:21:37.646Z" },
    { url = "https://files.pythonhosted.org/packages/02/72/2bca65d3ad6f19386fd0e350f66c7153c09173ca9a4742d4108d07e73f78/pyjson5-2.0.0-cp314-cp314t-manylinux2014_aarch64.manylinux_2_17_aarch64.manylinux_2_28_aarch64.whl", hash = "sha256:a59fcaf3927277a385f17863077d474f7451b1471ddcf6acdd28c76950d4c868", size = 172446, upload-time = "2025-10-02T00:21:38.723Z" },
    { url = "https://files.pythonhosted.org/packages/48/ec/752cf626a6caa69bf63fea4a7a47c9c57130578de502198105c3e2c5a55f/pyjson5-2.0.0-cp314-cp314t-manylinux2014_armv7l.manylinux_2_17_armv7l.manylinux_2_31_armv7l.whl", hash = "sha256:10cc1d0afd26479b2643ad3a67211e98fa72aa66030bbb695bb03d34cea2f801", size = 165790, upload-time = "2025-10-02T00:21:39.752Z" },
    { url = "https://files.pythonhosted.org/packages/80/a6/1b41a3f87e899d7b1c48e5fb45d1d306c478708806286f113a0495c13261/pyjson5-2.0.0-cp314-cp314t-manylinux2014_ppc64le.manylinux_2_17_ppc64le.manylinux_2_28_ppc64le.whl", hash = "sha256:c69f3b28b669e26b11766a200b7d0d8bbfbd9a48735e39b9675e8fb8d6a99744", size = 188500, upload-time = "2025-10-02T00:21:40.789Z" },
    { url = "https://files.pythonhosted.org/packages/c1/da/c9769cff5ce6b1c7e4b7e169fa1191bb2b6562849069ca11f79be6ed98d1/pyjson5-2.0.0-cp314-cp314t-manylinux2014_s390x.manylinux_2_17_s390x.manylinux_2_28_s390x.whl", hash = "sha256:05d08aeb21bf547e1de4749d22b5638405aca12ba866b762d25d84575d327327", size = 193060, upload-time = "2025-10-02T00:21:41.885Z" },
    { url = "https://files.pythonhosted.org/packages/31/ef/a97738263b05d91189df4e081d2331389ec95f662d26242f678b53b7d9d7/pyjson5-2.0.0-cp314-cp314t-manylinux2014_x86_64.manylinux_2_17_x86_64.manylinux_2_28_x86_64.whl", hash = "sha256:321e107c7df19d281e858bcfdbb39282b8cc1163a1e8c142b9d91af1e1db8573", size = 181832, upload-time = "2025-10-02T00:21:42.959Z" },
    { url = "https://files.pythonhosted.org/packages/f0/15/2170f05792bddace7136100c30bdf73ec54fbed7ae86eb17f42e882238ec/pyjson5-2.0.0-cp314-cp314t-manylinux_2_31_riscv64.manylinux_2_39_riscv64.whl", hash = "sha256:66dceb6b83990bf81accbbc1a56897f1bb302b7da063d5eb2d756f26c4e98389", size = 178943, upload-time = "2025-10-02T00:21:44.041Z" },
    { url = "https://files.pythonhosted.org/packages/0f/e6/a7f40e1bfa312f1987577c583b4dc1008e05f016585f0858d527e7d6e48d/pyjson5-2.0.0-cp314-cp314t-musllinux_1_2_aarch64.whl", hash = "sha256:2de1242c168735ac589c2ca5708f95bd3d47c50f59464042316b56d77d807cae", size = 1153787, upload-time = "2025-10-02T00:21:45.727Z" },
    { url = "https://files.pythonhosted.org/packages/cc/e3/4efcc86258a63c5c8af79fd8fe06e0ff98cebcc56facf473dba3318455a3/pyjson5-2.0.0-cp314-cp314t-musllinux_1_2_armv7l.whl", hash = "sha256:505dd929b620886c4bcf2ba19ca842dc5606ed1ad1fe5003cc09fbd2d910b0ef", size = 1014990, upload-time = "2025-10-02T00:21:47.134Z" },
    { url = "https://files.pythonhosted.org/packages/e5/15/e7f1bc7aeb2c9f008a83c3e9129b4b16e1e27b2ae463efe05cfc8320ea68/pyjson5-2.0.0-cp314-cp314t-musllinux_1_2_i686.whl", hash = "sha256:48fb751c641fd03b5f002dc47a040aca9eec0a8a9bc11bc77e86dc40a6c3f10e", size = 1322761, upload-time = "2025-10-02T00:21:48.727Z" },
    { url = "https://files.pythonhosted.org/packages/37/30/d937dfcb8386841571f7eda2b78b716ece4d62a10ce9a71f9dc8e02269fe/pyjson5-2.0.0-cp314-cp314t-musllinux_1_2_ppc64le.whl", hash = "sha256:d67186c0a70308da9752202e8dcc6fcf63991d8a2aa4cfa463a587a3cbb6416c", size = 1247709, upload-time = "2025-10-02T00:21:50.485Z" },
    { url = "https://files.pythonhosted.org/packages/6a/d6/ca54b0953f45bd89317f5069c8cb096df33c391ae2166259c273981c4884/pyjson5-2.0.0-cp314-cp314t-musllinux_1_2_riscv64.whl", hash = "sha256:0a9c0901313c8cf36f6f72cfc76b3ef335723fd240c869bc80a8711567573252", size = 1185323, upload-time = "2025-10-02T00:21:52.27Z" },
    { url = "https://files.pythonhosted.org/packages/46/eb/eaa0c7eef752ea2afb192ff3f15cb79fa5229ab22cf84c0b941a0671364f/pyjson5-2.0.0-cp314-cp314t-musllinux_1_2_s390x.whl", hash = "sha256:918175822878b4a48949af6fa236ccb2189b6548df14077b97246b61baff2ba7", size = 1360604, upload-time = "2025-10-02T00:21:53.819Z" },
    { url = "https://files.pythonhosted.org/packages/5f/ca/192931f334270fa941977a9beb2590d40fe460711d932b825c3882f100de/pyjson5-2.0.0-cp314-cp314t-musllinux_1_2_x86_64.whl", hash = "sha256:7a09dac1228517792d8941718194ee5e4aa55ed604e0616938e55d75aedcb0c1", size = 1214048, upload-time = "2025-10-02T00:21:55.338Z" },
    { url = "https://files.pythonhosted.org/packages/c2/61/63bd6351bd88e7158380eabf182beb377b53c4812175db3cde82fb2ad16e/pyjson5-2.0.0-cp314-cp314t-win32.whl", hash = "sha256:caeee4168841a4d061f0e33cd162ae45fedbe9be9ed3dbd839d76d7791858dcf", size = 138873, upload-time = "2025-10-02T00:21:56.903Z" },
    { url = "https://files.pythonhosted.org/packages/f6/ee/f856f8e18336a96ad7a7561dc482f776fa3c236ca278820f1ad4d7e04bba/pyjson5-2.0.0-cp314-cp314t-win_amd64.whl", hash = "sha256:7121183c7be324bdb6e824fc047ac29ad676025506e3cdbad6def5c4af9247d4", size = 168332, upload-time = "2025-10-02T00:21:58.038Z" },
    { url = "https://files.pythonhosted.org/packages/62/9d/17ac8aacb439c79a912a57ee105bb060c6c10d40eab587928215e2022e5e/pyjson5-2.0.0-cp314-cp314t-win_arm64.whl", hash = "sha256:f5e151599913b0c6e3bc3e176951f48039457e8a4b14f59c1ffffb8580ab58ea", size = 127386, upload-time = "2025-10-02T00:22:00.217Z" },
]

[[package]]
name = "pyodide-cli"
version = "0.4.0"
source = { registry = "https://pypi.org/simple" }
dependencies = [
    { name = "rich" },
    { name = "typer" },
]
sdist = { url = "https://files.pythonhosted.org/packages/7d/2c/dae71066d7b9fac85f848e17e73c34cc6aca7ed6c6d79a3c3b231509c725/pyodide_cli-0.4.0.tar.gz", hash = "sha256:828e0b73cbd810414a61253cf0f0746a2efc8434567c57fbb03308b6d955e958", size = 12726, upload-time = "2025-09-12T09:36:13.319Z" }
wheels = [
    { url = "https://files.pythonhosted.org/packages/30/15/f2db8891a579d8ed2b732be44a17ae93b51e8d2e097f004efc52713384c8/pyodide_cli-0.4.0-py3-none-any.whl", hash = "sha256:2897bf7eb00b760e0db1a2fa8dc237ac2ea793d90e0ac5244ad3f5a55d0bb417", size = 12867, upload-time = "2025-09-12T09:36:12.325Z" },
]

[[package]]
name = "pyodide-py"
version = "0.27.7"
source = { registry = "https://pypi.org/simple" }
resolution-markers = [
    "python_full_version < '3.13'",
]
sdist = { url = "https://files.pythonhosted.org/packages/9d/99/d7b3c9137de5a76a63f2ef89d43c878dcb4dce8118866fb58d26290698f9/pyodide_py-0.27.7.tar.gz", hash = "sha256:afb68f8abf503f691a4ab5d2ffdbf6dd05117920508e1161e04a34737c649d36", size = 52051, upload-time = "2025-06-05T04:10:49.791Z" }
wheels = [
    { url = "https://files.pythonhosted.org/packages/24/c5/825f73fb815a17838bef3342999247bea1100a0b2e576e5c17b2bdd68766/pyodide_py-0.27.7-py3-none-any.whl", hash = "sha256:2fa7db63a14720e548eb6174d492643424f8b5f21d43b7c9fecb6d712187fe6a", size = 57930, upload-time = "2025-06-05T04:10:48.789Z" },
]

[[package]]
name = "pyodide-py"
version = "0.28.3"
source = { registry = "https://pypi.org/simple" }
resolution-markers = [
    "python_full_version >= '3.13'",
]
sdist = { url = "https://files.pythonhosted.org/packages/2d/59/95d573e0d967af70d8823552c1efee19eb2dfbca23de9ca139516c98c5d1/pyodide_py-0.28.3.tar.gz", hash = "sha256:e521d9714eb57b163e0aadca40b85870a8ea949cb03443c0e5f3ed7d45cd3a98", size = 52898, upload-time = "2025-09-22T15:17:45.314Z" }
wheels = [
    { url = "https://files.pythonhosted.org/packages/4a/2a/2cca0a4e52a9495f21cab634b58dc413fddf72faf5baed9d2c8741544631/pyodide_py-0.28.3-py3-none-any.whl", hash = "sha256:de6ba9db35ed1ef75b80a70cf11dafa373ad786f95f72e9dbe46ffaf8cdea23c", size = 58853, upload-time = "2025-09-22T15:17:44.104Z" },
]

[[package]]
name = "rich"
version = "14.2.0"
source = { registry = "https://pypi.org/simple" }
dependencies = [
    { name = "markdown-it-py" },
    { name = "pygments" },
]
sdist = { url = "https://files.pythonhosted.org/packages/fb/d2/8920e102050a0de7bfabeb4c4614a49248cf8d5d7a8d01885fbb24dc767a/rich-14.2.0.tar.gz", hash = "sha256:73ff50c7c0c1c77c8243079283f4edb376f0f6442433aecb8ce7e6d0b92d1fe4", size = 219990, upload-time = "2025-10-09T14:16:53.064Z" }
wheels = [
    { url = "https://files.pythonhosted.org/packages/25/7a/b0178788f8dc6cafce37a212c99565fa1fe7872c70c6c9c1e1a372d9d88f/rich-14.2.0-py3-none-any.whl", hash = "sha256:76bc51fe2e57d2b1be1f96c524b890b816e334ab4c1e45888799bfaab0021edd", size = 243393, upload-time = "2025-10-09T14:16:51.245Z" },
]

[[package]]
name = "shellingham"
version = "1.5.4"
source = { registry = "https://pypi.org/simple" }
sdist = { url = "https://files.pythonhosted.org/packages/58/15/8b3609fd3830ef7b27b655beb4b4e9c62313a4e8da8c676e142cc210d58e/shellingham-1.5.4.tar.gz", hash = "sha256:8dbca0739d487e5bd35ab3ca4b36e11c4078f3a234bfce294b0a0291363404de", size = 10310, upload-time = "2023-10-24T04:13:40.426Z" }
wheels = [
    { url = "https://files.pythonhosted.org/packages/e0/f9/0595336914c5619e5f28a1fb793285925a8cd4b432c9da0a987836c7f822/shellingham-1.5.4-py2.py3-none-any.whl", hash = "sha256:7ecfff8f2fd72616f7481040475a65b2bf8af90a56c89140852d1120324e8686", size = 9755, upload-time = "2023-10-24T04:13:38.866Z" },
]

[[package]]
name = "tbd"
version = "0.1.0"
source = { virtual = "." }
dependencies = [
    { name = "webtypy" },
]

[package.dev-dependencies]
dev = [
    { name = "workers-py" },
]

[package.metadata]
requires-dist = [{ name = "webtypy", specifier = ">=0.1.7" }]

[package.metadata.requires-dev]
dev = [{ name = "workers-py" }]

[[package]]
name = "typer"
version = "0.19.2"
source = { registry = "https://pypi.org/simple" }
dependencies = [
    { name = "click" },
    { name = "rich" },
    { name = "shellingham" },
    { name = "typing-extensions" },
]
sdist = { url = "https://files.pythonhosted.org/packages/21/ca/950278884e2ca20547ff3eb109478c6baf6b8cf219318e6bc4f666fad8e8/typer-0.19.2.tar.gz", hash = "sha256:9ad824308ded0ad06cc716434705f691d4ee0bfd0fb081839d2e426860e7fdca", size = 104755, upload-time = "2025-09-23T09:47:48.256Z" }
wheels = [
    { url = "https://files.pythonhosted.org/packages/00/22/35617eee79080a5d071d0f14ad698d325ee6b3bf824fc0467c03b30e7fa8/typer-0.19.2-py3-none-any.whl", hash = "sha256:755e7e19670ffad8283db353267cb81ef252f595aa6834a0d1ca9312d9326cb9", size = 46748, upload-time = "2025-09-23T09:47:46.777Z" },
]

[[package]]
name = "typing-extensions"
version = "4.15.0"
source = { registry = "https://pypi.org/simple" }
sdist = { url = "https://files.pythonhosted.org/packages/72/94/1a15dd82efb362ac84269196e94cf00f187f7ed21c242792a923cdb1c61f/typing_extensions-4.15.0.tar.gz", hash = "sha256:0cea48d173cc12fa28ecabc3b837ea3cf6f38c6d1136f85cbaaf598984861466", size = 109391, upload-time = "2025-08-25T13:49:26.313Z" }
wheels = [
    { url = "https://files.pythonhosted.org/packages/18/67/36e9267722cc04a6b9f15c7f3441c2363321a3ea07da7ae0c0707beb2a9c/typing_extensions-4.15.0-py3-none-any.whl", hash = "sha256:f0fa19c6845758ab08074a0cfa8b7aecb71c999ca73d62883bc25cc018c4e548", size = 44614, upload-time = "2025-08-25T13:49:24.86Z" },
]

[[package]]
name = "webtypy"
version = "0.1.7"
source = { registry = "https://pypi.org/simple" }
sdist = { url = "https://files.pythonhosted.org/packages/5e/89/c7a0311fdc73809fc2415be97767f085ff3e00c86546430034dc8465fee7/webtypy-0.1.7.tar.gz", hash = "sha256:1b7212719a949c802f3d60fac5f0d952eb503a92121409cf1ad9847d7c76a336", size = 104505, upload-time = "2023-11-21T19:23:26.342Z" }
wheels = [
    { url = "https://files.pythonhosted.org/packages/61/91/c731bdaa605279e00b28bfd2bf0ae67f48061d16890fb1c026924bfbd242/webtypy-0.1.7-py3-none-any.whl", hash = "sha256:f35e6d73a4e08783e23adfac271a11cda3a2bd1105499db70e4819244efed0ae", size = 103519, upload-time = "2023-11-21T19:23:23.946Z" },
]

[[package]]
name = "workers-py"
version = "1.6.1"
source = { registry = "https://pypi.org/simple" }
dependencies = [
    { name = "click" },
    { name = "pyjson5" },
    { name = "pyodide-cli" },
    { name = "pyodide-py", version = "0.27.7", source = { registry = "https://pypi.org/simple" }, marker = "python_full_version < '3.13'" },
    { name = "pyodide-py", version = "0.28.3", source = { registry = "https://pypi.org/simple" }, marker = "python_full_version >= '3.13'" },
    { name = "rich" },
]
sdist = { url = "https://files.pythonhosted.org/packages/16/25/da14d51ca5e67fab961b0b948f7cadde18c8d028fbead668d3d3877e1608/workers_py-1.6.1.tar.gz", hash = "sha256:812eb03203b35f9a4d5f5164eaec513e761de2d1ce7a2625a174bc61fa664ae8", size = 55062, upload-time = "2025-10-15T19:53:59.509Z" }
wheels = [
    { url = "https://files.pythonhosted.org/packages/47/0f/207602b67ceafbb3d87a8a654555206d6bde253d24992e6a791f4cf15377/workers_py-1.6.1-py3-none-any.whl", hash = "sha256:a91354bec5786b0a359ccbf3cda874a4927a41e902fc0e1ed5a542053b5365cd", size = 11002, upload-time = "2025-10-15T19:53:58.174Z" },
]
