{
	"name": "import-npm",
	"lockfileVersion": 3,
	"requires": true,
	"packages": {
		"": {
			"name": "import-npm",
			"workspaces": [
				"packages/*"
			]
		},
		"../../packages/workers-tsconfig": {
			"name": "@cloudflare/workers-tsconfig",
			"version": "0.0.0",
			"dev": true
		},
		"../../packages/wrangler": {
			"version": "3.99.0",
			"dev": true,
			"license": "MIT OR Apache-2.0",
			"dependencies": {
				"@cloudflare/kv-asset-handler": "workspace:*",
				"@esbuild-plugins/node-globals-polyfill": "^0.2.3",
				"@esbuild-plugins/node-modules-polyfill": "^0.2.2",
				"blake3-wasm": "^2.1.5",
				"chokidar": "^4.0.1",
				"date-fns": "^4.1.0",
				"esbuild": "0.17.19",
				"itty-time": "^1.0.6",
				"miniflare": "workspace:*",
				"nanoid": "^3.3.3",
				"path-to-regexp": "^6.3.0",
				"resolve": "^1.22.8",
				"selfsigned": "^2.0.1",
				"source-map": "^0.6.1",
				"unenv": "npm:unenv-nightly@2.0.0-20241218-183400-5d6aec3",
				"workerd": "1.20241230.0",
				"xxhash-wasm": "^1.0.1"
			},
			"bin": {
				"wrangler": "bin/wrangler.js",
				"wrangler2": "bin/wrangler.js"
			},
			"devDependencies": {
				"@cloudflare/cli": "workspace:*",
				"@cloudflare/eslint-config-worker": "workspace:*",
				"@cloudflare/pages-shared": "workspace:^",
				"@cloudflare/types": "6.18.4",
				"@cloudflare/workers-shared": "workspace:*",
				"@cloudflare/workers-tsconfig": "workspace:*",
				"@cloudflare/workers-types": "^4.20241230.0",
				"@cspotcode/source-map-support": "0.8.1",
				"@iarna/toml": "^3.0.0",
				"@microsoft/api-extractor": "^7.47.0",
				"@sentry/node": "^7.86.0",
				"@sentry/types": "^7.86.0",
				"@sentry/utils": "^7.86.0",
				"@types/body-parser": "^1.19.2",
				"@types/command-exists": "^1.2.0",
				"@types/express": "^4.17.13",
				"@types/glob-to-regexp": "^0.4.1",
				"@types/is-ci": "^3.0.0",
				"@types/javascript-time-ago": "^2.0.3",
				"@types/mime": "^3.0.4",
				"@types/minimatch": "^5.1.2",
				"@types/prompts": "^2.0.14",
				"@types/resolve": "^1.20.6",
				"@types/shell-quote": "^1.7.2",
				"@types/signal-exit": "^3.0.1",
				"@types/supports-color": "^8.1.1",
				"@types/ws": "^8.5.7",
				"@types/yargs": "^17.0.22",
				"@vitest/ui": "catalog:default",
				"@webcontainer/env": "^1.1.0",
				"body-parser": "^1.20.0",
				"chalk": "^5.2.0",
				"cli-table3": "^0.6.3",
				"cmd-shim": "^4.1.0",
				"command-exists": "^1.2.9",
				"concurrently": "^8.2.2",
				"devtools-protocol": "^0.0.1182435",
				"dotenv": "^16.3.1",
				"execa": "^6.1.0",
				"express": "^4.18.1",
				"find-up": "^6.3.0",
				"get-port": "^7.0.0",
				"glob-to-regexp": "^0.4.1",
				"http-terminator": "^3.2.0",
				"https-proxy-agent": "7.0.2",
				"ignore": "^5.2.0",
				"is-ci": "^3.0.1",
				"javascript-time-ago": "^2.5.4",
				"md5-file": "5.0.0",
				"mime": "^3.0.0",
				"minimatch": "^5.1.0",
				"mock-socket": "^9.3.1",
				"msw": "2.4.3",
				"open": "^8.4.0",
				"p-queue": "^7.2.0",
				"patch-console": "^1.0.0",
				"pretty-bytes": "^6.0.0",
				"prompts": "^2.4.2",
				"semiver": "^1.1.0",
				"shell-quote": "^1.8.1",
				"signal-exit": "^3.0.7",
				"strip-ansi": "^7.1.0",
				"supports-color": "^9.2.2",
				"timeago.js": "^4.0.2",
				"ts-dedent": "^2.2.0",
				"ts-json-schema-generator": "^1.5.0",
				"undici": "catalog:default",
				"update-check": "^1.5.4",
				"vitest": "catalog:default",
				"vitest-websocket-mock": "^0.4.0",
				"ws": "^8.18.0",
				"xdg-app-paths": "^8.3.0",
				"yargs": "^17.7.2"
			},
			"engines": {
				"node": ">=16.17.0"
			},
			"optionalDependencies": {
				"fsevents": "~2.3.2"
			},
			"peerDependencies": {
				"@cloudflare/workers-types": "^4.20241230.0"
			},
			"peerDependenciesMeta": {
				"@cloudflare/workers-types": {
					"optional": true
				}
			}
		},
		"../import-wasm-static": {},
		"node_modules/@cloudflare/workers-tsconfig": {
			"resolved": "../../packages/workers-tsconfig",
			"link": true
		},
		"node_modules/@fastify/busboy": {
			"version": "2.1.1",
			"resolved": "https://registry.npmjs.org/@fastify/busboy/-/busboy-2.1.1.tgz",
			"integrity": "sha512-vBZP4NlzfOlerQTnba4aqZoMhE/a9HY7HRqoOPaETQcSQuWEIyZMHGfVu6w9wGtGK5fED5qRs2DteVCjOH60sA==",
			"dev": true,
			"license": "MIT",
			"engines": {
				"node": ">=14"
			}
		},
		"node_modules/import-example": {
			"resolved": "packages/import-example",
			"link": true
		},
		"node_modules/import-wasm-static": {
			"resolved": "../import-wasm-static",
			"link": true
		},
		"node_modules/undici": {
			"version": "5.28.4",
			"resolved": "https://registry.npmjs.org/undici/-/undici-5.28.4.tgz",
			"integrity": "sha512-72RFADWFqKmUb2hmmvNODKL3p9hcB6Gt2DOQMis1SEBaV6a4MH8soBvzg+95CYhCKPFedut2JY9bMfrDl9D23g==",
			"dev": true,
			"license": "MIT",
			"dependencies": {
				"@fastify/busboy": "^2.0.0"
			},
			"engines": {
				"node": ">=14.0"
			}
		},
		"node_modules/wrangler": {
			"resolved": "../../packages/wrangler",
			"link": true
		},
		"packages/import-example": {
			"dependencies": {
				"import-wasm-static": "../../../../fixtures/import-wasm-static"
			},
			"devDependencies": {
				"@cloudflare/workers-tsconfig": "../../../../packages/workers-tsconfig",
				"undici": "^5.28.4",
				"wrangler": "../../../../packages/wrangler"
			}
		}
	}
}
