{
	"name": "@fixture/import-npm",
	"lockfileVersion": 3,
	"requires": true,
	"packages": {
		"": {
			"name": "@fixture/import-npm",
			"workspaces": [
				"packages/*"
			]
		},
		"../../packages/workers-tsconfig": {
			"name": "@cloudflare/workers-tsconfig",
			"version": "0.0.0",
			"dev": true
		},
		"../../packages/wrangler": {
			"version": "4.18.0",
			"dev": true,
			"license": "MIT OR Apache-2.0",
			"dependencies": {
				"@cloudflare/kv-asset-handler": "workspace:*",
				"@cloudflare/unenv-preset": "2.3.2",
				"blake3-wasm": "2.1.5",
				"esbuild": "catalog:default",
				"miniflare": "workspace:*",
				"path-to-regexp": "6.3.0",
				"unenv": "2.0.0-rc.17",
				"workerd": "1.20250525.0"
			},
			"bin": {
				"wrangler": "bin/wrangler.js",
				"wrangler2": "bin/wrangler.js"
			},
			"devDependencies": {
				"@aws-sdk/client-s3": "^3.721.0",
				"@cloudflare/cli": "workspace:*",
				"@cloudflare/eslint-config-shared": "workspace:*",
				"@cloudflare/pages-shared": "workspace:^",
				"@cloudflare/types": "6.18.4",
				"@cloudflare/workers-shared": "workspace:*",
				"@cloudflare/workers-tsconfig": "workspace:*",
				"@cloudflare/workers-types": "^4.20250525.0",
				"@cspotcode/source-map-support": "0.8.1",
				"@iarna/toml": "^3.0.0",
				"@sentry/node": "^7.86.0",
				"@sentry/types": "^7.86.0",
				"@sentry/utils": "^7.86.0",
				"@types/command-exists": "^1.2.0",
				"@types/glob-to-regexp": "^0.4.1",
				"@types/is-ci": "^3.0.0",
				"@types/javascript-time-ago": "^2.0.3",
				"@types/mime": "^3.0.4",
				"@types/minimatch": "^5.1.2",
				"@types/node": "catalog:default",
				"@types/node-forge": "^1.3.11",
				"@types/prompts": "^2.0.14",
				"@types/resolve": "^1.20.6",
				"@types/shell-quote": "^1.7.2",
				"@types/signal-exit": "^3.0.1",
				"@types/supports-color": "^8.1.1",
				"@types/ws": "^8.5.7",
				"@types/yargs": "^17.0.22",
				"@vitest/ui": "catalog:default",
				"@webcontainer/env": "^1.1.0",
				"chalk": "^5.2.0",
				"chokidar": "^4.0.1",
				"cli-table3": "^0.6.3",
				"cmd-shim": "^4.1.0",
				"command-exists": "^1.2.9",
				"concurrently": "^8.2.2",
				"date-fns": "^4.1.0",
				"devtools-protocol": "^0.0.1182435",
				"dotenv": "^16.3.1",
				"execa": "^6.1.0",
				"find-up": "^6.3.0",
				"get-port": "^7.0.0",
				"glob-to-regexp": "^0.4.1",
				"https-proxy-agent": "7.0.2",
				"is-ci": "^3.0.1",
				"itty-time": "^1.0.6",
				"javascript-time-ago": "^2.5.4",
				"md5-file": "5.0.0",
				"mime": "^3.0.0",
				"minimatch": "^5.1.0",
				"mock-socket": "^9.3.1",
				"msw": "2.4.3",
				"node-forge": "^1.3.1",
				"open": "^8.4.0",
				"p-queue": "^7.2.0",
				"patch-console": "^1.0.0",
				"pretty-bytes": "^6.0.0",
				"prompts": "^2.4.2",
				"resolve": "^1.22.8",
				"rimraf": "catalog:default",
				"selfsigned": "^2.0.1",
				"semiver": "^1.1.0",
				"shell-quote": "^1.8.1",
				"signal-exit": "^3.0.7",
				"source-map": "^0.6.1",
				"strip-ansi": "^7.1.0",
				"supports-color": "^9.2.2",
				"timeago.js": "^4.0.2",
				"ts-dedent": "^2.2.0",
				"ts-json-schema-generator": "^1.5.0",
				"tsup": "8.3.0",
				"typescript": "catalog:default",
				"undici": "catalog:default",
				"update-check": "^1.5.4",
				"vitest": "catalog:default",
				"vitest-websocket-mock": "^0.4.0",
				"ws": "catalog:default",
				"xdg-app-paths": "^8.3.0",
				"xxhash-wasm": "^1.0.1",
				"yargs": "^17.7.2"
			},
			"engines": {
				"node": ">=18.0.0"
			},
			"optionalDependencies": {
				"fsevents": "~2.3.2"
			},
			"peerDependencies": {
				"@cloudflare/workers-types": "^4.20250525.0"
			},
			"peerDependenciesMeta": {
				"@cloudflare/workers-types": {
					"optional": true
				}
			}
		},
		"../import-wasm-static": {
			"name": "@fixture/import-wasm-static"
		},
		"node_modules/@cloudflare/workers-tsconfig": {
			"resolved": "../../packages/workers-tsconfig",
			"link": true
		},
		"node_modules/@fastify/busboy": {
			"version": "2.1.1",
			"resolved": "https://registry.npmjs.org/@fastify/busboy/-/busboy-2.1.1.tgz",
			"integrity": "sha512-vBZP4NlzfOlerQTnba4aqZoMhE/a9HY7HRqoOPaETQcSQuWEIyZMHGfVu6w9wGtGK5fED5qRs2DteVCjOH60sA==",
			"dev": true,
			"license": "MIT",
			"engines": {
				"node": ">=14"
			}
		},
		"node_modules/@fixture/import-wasm-static": {
			"resolved": "../import-wasm-static",
			"link": true
		},
		"node_modules/import-example": {
			"resolved": "packages/import-example",
			"link": true
		},
		"node_modules/undici": {
			"version": "5.29.0",
			"resolved": "https://registry.npmjs.org/undici/-/undici-5.29.0.tgz",
			"integrity": "sha512-raqeBD6NQK4SkWhQzeYKd1KmIG6dllBOTt55Rmkt4HtI9mwdWtJljnrXjAFUBLTSN67HWrOIZ3EPF4kjUw80Bg==",
			"dev": true,
			"license": "MIT",
			"dependencies": {
				"@fastify/busboy": "^2.0.0"
			},
			"engines": {
				"node": ">=14.0"
			}
		},
		"node_modules/wrangler": {
			"resolved": "../../packages/wrangler",
			"link": true
		},
		"packages/import-example": {
			"dependencies": {
				"@fixture/import-wasm-static": "../../../../fixtures/import-wasm-static"
			},
			"devDependencies": {
				"@cloudflare/workers-tsconfig": "../../../../packages/workers-tsconfig",
				"undici": "^5.29.0",
				"wrangler": "../../../../packages/wrangler"
			}
		}
	}
}
